// !$*UTF8*$!
{
	archiveVersion = 1;
	classes = {
	};
	objectVersion = 46;
	objects = {
		E67E634C5286C69D163AB304 = {
			isa = PBXBuildFile;
			fileRef = 01AA763774197912C5550335;
		};
		139B3F82CE1BDA1094D5FE68 = {
			isa = PBXBuildFile;
			fileRef = CB197B7DB96ECD7BC38691CC;
		};
		A477B835B37641E58D61CB49 = {
			isa = PBXBuildFile;
			fileRef = 5D95FBAEE1E038E729916EDB;
		};
		7D19BABDC24ABD7220C73498 = {
			isa = PBXBuildFile;
			fileRef = 7208B98E1EB979DCA4264022;
		};
		E6C060BFA436DA7B2837ACBB = {
			isa = PBXBuildFile;
			fileRef = 5BA0963ED40A5FD38E6E1790;
		};
		C55E51896B99A511966CCD8C = {
			isa = PBXBuildFile;
			fileRef = 263C49ACF80BD6680BE07FA0;
		};
		5636BADB4AE2964523675F5D = {
			isa = PBXBuildFile;
			fileRef = B41874BFC669062FC91E6941;
		};
		6D327B6F525F545997EB7F73 = {
			isa = PBXBuildFile;
			fileRef = 9E41DA86015BF7830D1177D2;
		};
		51BA2499C6463CB850E7D558 = {
			isa = PBXBuildFile;
			fileRef = 2592E5D4DA27A8FC54A19BCA;
		};
		51E196923D489EDAF70A3D9D = {
			isa = PBXBuildFile;
			fileRef = 00F8FD2B646B926BDE8DDC3C;
		};
		9405B489F4BEEF3B42E6AD19 = {
			isa = PBXBuildFile;
			fileRef = 2ED8898E4F05FE15B2F90760;
		};
		8F86D5997B5DEF85960DC015 = {
			isa = PBXBuildFile;
			fileRef = D2DD31B62534404D57A27371;
		};
		E8F3CA9D04897D85BBEED58B = {
			isa = PBXBuildFile;
			fileRef = 6311A92227CC175897DE5C4C;
		};
		BFFC44ECA7BDA54A1CA8A83A = {
			isa = PBXBuildFile;
			fileRef = E0A0EEC5EB20F31EEF8BE494;
		};
		60A02BBF5D53BAAF502073D3 = {
			isa = PBXBuildFile;
			fileRef = EE97C0C91B15DB8FB1242804;
		};
		949AB054B3C8B2303DD4266C = {
			isa = PBXBuildFile;
			fileRef = 6570E242761B3EB953B02D90;
		};
		54DD1BF39744ABD936442AB1 = {
			isa = PBXBuildFile;
			fileRef = F840113DA2C13018558CC445;
		};
		7CF61290AEA2BD9984C4A757 = {
			isa = PBXBuildFile;
			fileRef = 40C6BEFC3A78FFFDC67D9527;
		};
		56303FD463B05B0332E144EF = {
			isa = PBXBuildFile;
			fileRef = 384BFAC05BEA7DDEB37E1F3A;
		};
		8CAC19F78B68B99ECC0752E3 = {
			isa = PBXBuildFile;
			fileRef = 18128C6B21C2F946242E5044;
		};
		DB4C55F57D1BDC314D9AFD11 = {
			isa = PBXBuildFile;
			fileRef = 1D6B0EE523A8C4071FE851B2;
		};
		C8297369E4E081BF551936E8 = {
			isa = PBXBuildFile;
			fileRef = 0C13F3708137889C69EA9DE2;
		};
		EB48E1EEF0E8AD88DA1F004C = {
			isa = PBXBuildFile;
			fileRef = 1B8D74E1A487E028F21CC6E5;
		};
		C7B5C9C85E076177D8053659 = {
			isa = PBXBuildFile;
			fileRef = B75E7A08C5DD4A8E5030E8C7;
		};
		D7A001AD5557C0B5092C598E = {
			isa = PBXBuildFile;
			fileRef = 2E4544494B77F5A1E949E5F5;
		};
		2E6851570CA7D7CA9B031D87 = {
			isa = PBXBuildFile;
			fileRef = 8EC66F04F4FEAE38E2E03431;
		};
		6507A0B5FA27F61B065CACB6 = {
			isa = PBXBuildFile;
			fileRef = 0F40451A65BA6C436AA373DB;
		};
		DC1C77D0CD513A447E32AA79 = {
			isa = PBXBuildFile;
			fileRef = 02D2856CC58DD356A22F365D;
		};
		8A115ECD6CB33ACC63B7D880 = {
			isa = PBXBuildFile;
			fileRef = 004824349B0F443FDDF1BA5B;
		};
		51984BA9AED866C5E35C3B47 = {
			isa = PBXBuildFile;
			fileRef = 508944B605D3C7BF7F17AAA2;
		};
		05F6AF5974A91E1BA08F2444 = {
			isa = PBXBuildFile;
			fileRef = 392E4DDA5D44ED3167116A32;
		};
		8B688C21316778F6B5CF61CA = {
			isa = PBXBuildFile;
			fileRef = FA59E0837B2BD1E7AEEC11FE;
		};
		07FAE99CD5E600C48BFD99FE = {
			isa = PBXBuildFile;
			fileRef = 4BC5C74DAB9DC18EB37F39DC;
		};
		78711926757E3F363C4ACBBE = {
			isa = PBXBuildFile;
			fileRef = D2EA12684B4E3019A4875FBF;
		};
		2A7B75ECF5CB030BCBAD20B2 = {
			isa = PBXBuildFile;
			fileRef = FDFF9BDBA84B945233CE6ACA;
		};
		88C0F1183B033CFD28496C5B = {
			isa = PBXBuildFile;
			fileRef = BB77742A7978169A94B837FE;
		};
		C5ECF52802210927E06E2348 = {
			isa = PBXBuildFile;
			fileRef = 63461B8A2FCC4BCCDBB5C7A6;
		};
		004824349B0F443FDDF1BA5B = {
			isa = PBXFileReference;
			lastKnownFileType = sourcecode.cpp.cpp;
			name = "include_juce_audio_plugin_client_VST3.cpp";
			path = "../../JuceLibraryCode/include_juce_audio_plugin_client_VST3.cpp";
			sourceTree = "SOURCE_ROOT";
		};
		00F8FD2B646B926BDE8DDC3C = {
			isa = PBXFileReference;
			lastKnownFileType = wrapper.framework;
			name = CoreAudio.framework;
			path = System/Library/Frameworks/CoreAudio.framework;
			sourceTree = SDKROOT;
		};
		01AA763774197912C5550335 = {
			isa = PBXFileReference;
			explicitFileType = wrapper.cfbundle;
			includeInIndex = 0;
			path = CircularDelay.vst3;
			sourceTree = "BUILT_PRODUCTS_DIR";
		};
		02D2856CC58DD356A22F365D = {
			isa = PBXFileReference;
			lastKnownFileType = sourcecode.cpp.objcpp;
			name = "include_juce_audio_plugin_client_VST_utils.mm";
			path = "../../JuceLibraryCode/include_juce_audio_plugin_client_VST_utils.mm";
			sourceTree = "SOURCE_ROOT";
		};
		04826296DE468DE2AC526F1E = {
			isa = PBXFileReference;
			lastKnownFileType = file;
			name = "juce_audio_devices";
			path = "/Users/kweiwen/Documents/JUCE/modules/juce_audio_devices";
			sourceTree = "<absolute>";
		};
		0C13F3708137889C69EA9DE2 = {
			isa = PBXFileReference;
			lastKnownFileType = sourcecode.cpp.objcpp;
			name = "include_juce_audio_formats.mm";
			path = "../../JuceLibraryCode/include_juce_audio_formats.mm";
			sourceTree = "SOURCE_ROOT";
		};
		0F40451A65BA6C436AA373DB = {
			isa = PBXFileReference;
			lastKnownFileType = sourcecode.cpp.cpp;
			name = "include_juce_audio_plugin_client_utils.cpp";
			path = "../../JuceLibraryCode/include_juce_audio_plugin_client_utils.cpp";
			sourceTree = "SOURCE_ROOT";
		};
		1012ADE3C696332B8B97C723 = {
			isa = PBXFileReference;
			lastKnownFileType = file;
			name = "juce_events";
			path = "/Users/kweiwen/Documents/JUCE/modules/juce_events";
			sourceTree = "<absolute>";
		};
		13812D9160C5FFF8D5F373D9 = {
			isa = PBXFileReference;
			lastKnownFileType = file;
			name = "juce_audio_utils";
			path = "/Users/kweiwen/Documents/JUCE/modules/juce_audio_utils";
			sourceTree = "<absolute>";
		};
		15E0F17DD5D77A4996B13854 = {
			isa = PBXFileReference;
			lastKnownFileType = file;
			name = "juce_audio_basics";
			path = "/Users/kweiwen/Documents/JUCE/modules/juce_audio_basics";
			sourceTree = "<absolute>";
		};
		18128C6B21C2F946242E5044 = {
			isa = PBXFileReference;
			lastKnownFileType = sourcecode.cpp.objcpp;
			name = "include_juce_audio_basics.mm";
			path = "../../JuceLibraryCode/include_juce_audio_basics.mm";
			sourceTree = "SOURCE_ROOT";
		};
		18CD764022589812B54BFFAC = {
			isa = PBXFileReference;
			lastKnownFileType = sourcecode.c.h;
			name = JucePluginDefines.h;
			path = ../../JuceLibraryCode/JucePluginDefines.h;
			sourceTree = "SOURCE_ROOT";
		};
		1B8D74E1A487E028F21CC6E5 = {
			isa = PBXFileReference;
			lastKnownFileType = file.r;
			name = "include_juce_audio_plugin_client_AU.r";
			path = "../../JuceLibraryCode/include_juce_audio_plugin_client_AU.r";
			sourceTree = "SOURCE_ROOT";
		};
		1D6B0EE523A8C4071FE851B2 = {
			isa = PBXFileReference;
			lastKnownFileType = sourcecode.cpp.objcpp;
			name = "include_juce_audio_devices.mm";
			path = "../../JuceLibraryCode/include_juce_audio_devices.mm";
			sourceTree = "SOURCE_ROOT";
		};
		2544B69AA66E5DED1B122196 = {
			isa = PBXFileReference;
			lastKnownFileType = file;
			name = "juce_gui_basics";
			path = "/Users/kweiwen/Documents/JUCE/modules/juce_gui_basics";
			sourceTree = "<absolute>";
		};
		2592E5D4DA27A8FC54A19BCA = {
			isa = PBXFileReference;
			lastKnownFileType = wrapper.framework;
			name = Cocoa.framework;
			path = System/Library/Frameworks/Cocoa.framework;
			sourceTree = SDKROOT;
		};
		263C49ACF80BD6680BE07FA0 = {
			isa = PBXFileReference;
			lastKnownFileType = wrapper.framework;
			name = Accelerate.framework;
			path = System/Library/Frameworks/Accelerate.framework;
			sourceTree = SDKROOT;
		};
		2BE9DCD678A6A92E857E4AFD = {
			isa = PBXFileReference;
			lastKnownFileType = file;
			name = "juce_audio_plugin_client";
			path = "/Users/kweiwen/Documents/JUCE/modules/juce_audio_plugin_client";
			sourceTree = "<absolute>";
		};
		2CB5DC546743337CE874109C = {
			isa = PBXFileReference;
			lastKnownFileType = sourcecode.c.h;
			name = ParamSmooth.h;
			path = ../../Source/ParamSmooth.h;
			sourceTree = "SOURCE_ROOT";
		};
		2E4544494B77F5A1E949E5F5 = {
			isa = PBXFileReference;
			lastKnownFileType = sourcecode.cpp.objcpp;
			name = "include_juce_audio_plugin_client_AU_2.mm";
			path = "../../JuceLibraryCode/include_juce_audio_plugin_client_AU_2.mm";
			sourceTree = "SOURCE_ROOT";
		};
		2ED8898E4F05FE15B2F90760 = {
			isa = PBXFileReference;
			lastKnownFileType = wrapper.framework;
			name = CoreAudioKit.framework;
			path = System/Library/Frameworks/CoreAudioKit.framework;
			sourceTree = SDKROOT;
		};
		30E2E80C537870344ABE2520 = {
			isa = PBXFileReference;
			lastKnownFileType = text.plist.xml;
			name = "Info-Standalone_Plugin.plist";
			path = "Info-Standalone_Plugin.plist";
			sourceTree = "SOURCE_ROOT";
		};
		384BFAC05BEA7DDEB37E1F3A = {
			isa = PBXFileReference;
			lastKnownFileType = sourcecode.cpp.cpp;
			name = PluginEditor.cpp;
			path = ../../Source/PluginEditor.cpp;
			sourceTree = "SOURCE_ROOT";
		};
		392E4DDA5D44ED3167116A32 = {
			isa = PBXFileReference;
			lastKnownFileType = sourcecode.cpp.objcpp;
			name = "include_juce_audio_utils.mm";
			path = "../../JuceLibraryCode/include_juce_audio_utils.mm";
			sourceTree = "SOURCE_ROOT";
		};
		40C6BEFC3A78FFFDC67D9527 = {
			isa = PBXFileReference;
			lastKnownFileType = sourcecode.cpp.cpp;
			name = PluginProcessor.cpp;
			path = ../../Source/PluginProcessor.cpp;
			sourceTree = "SOURCE_ROOT";
		};
		496DA695965EAFA341B6DF8C = {
			isa = PBXFileReference;
			lastKnownFileType = file;
			name = "juce_data_structures";
			path = "/Users/kweiwen/Documents/JUCE/modules/juce_data_structures";
			sourceTree = "<absolute>";
		};
		4BC5C74DAB9DC18EB37F39DC = {
			isa = PBXFileReference;
			lastKnownFileType = sourcecode.cpp.objcpp;
			name = "include_juce_data_structures.mm";
			path = "../../JuceLibraryCode/include_juce_data_structures.mm";
			sourceTree = "SOURCE_ROOT";
		};
		508944B605D3C7BF7F17AAA2 = {
			isa = PBXFileReference;
			lastKnownFileType = sourcecode.cpp.objcpp;
			name = "include_juce_audio_processors.mm";
			path = "../../JuceLibraryCode/include_juce_audio_processors.mm";
			sourceTree = "SOURCE_ROOT";
		};
		5BA0963ED40A5FD38E6E1790 = {
			isa = PBXFileReference;
			lastKnownFileType = wrapper.framework;
			name = AudioUnit.framework;
			path = System/Library/Frameworks/AudioUnit.framework;
			sourceTree = SDKROOT;
		};
		62702D47839C97168ADB7DDF = {
			isa = PBXFileReference;
			lastKnownFileType = sourcecode.c.h;
			name = PluginProcessor.h;
			path = ../../Source/PluginProcessor.h;
			sourceTree = "SOURCE_ROOT";
		};
		6311A92227CC175897DE5C4C = {
			isa = PBXFileReference;
			lastKnownFileType = wrapper.framework;
			name = DiscRecording.framework;
			path = System/Library/Frameworks/DiscRecording.framework;
			sourceTree = SDKROOT;
		};
		63461B8A2FCC4BCCDBB5C7A6 = {
			isa = PBXFileReference;
			lastKnownFileType = sourcecode.cpp.objcpp;
			name = "include_juce_gui_extra.mm";
			path = "../../JuceLibraryCode/include_juce_gui_extra.mm";
			sourceTree = "SOURCE_ROOT";
		};
		6570E242761B3EB953B02D90 = {
			isa = PBXFileReference;
			lastKnownFileType = wrapper.framework;
			name = WebKit.framework;
			path = System/Library/Frameworks/WebKit.framework;
			sourceTree = SDKROOT;
		};
		673AC193D18AA2619CBC3D7A = {
			isa = PBXFileReference;
			lastKnownFileType = sourcecode.c.h;
			name = CircularBuffer.h;
			path = ../../Source/CircularBuffer.h;
			sourceTree = "SOURCE_ROOT";
		};
		6C1174C15DD658F7FC49E7AC = {
			isa = PBXFileReference;
			lastKnownFileType = sourcecode.c.h;
			name = PluginEditor.h;
			path = ../../Source/PluginEditor.h;
			sourceTree = "SOURCE_ROOT";
		};
		8EC66F04F4FEAE38E2E03431 = {
			isa = PBXFileReference;
			lastKnownFileType = sourcecode.cpp.cpp;
			name = "include_juce_audio_plugin_client_Standalone.cpp";
			path = "../../JuceLibraryCode/include_juce_audio_plugin_client_Standalone.cpp";
			sourceTree = "SOURCE_ROOT";
		};
		9E41DA86015BF7830D1177D2 = {
			isa = PBXFileReference;
			lastKnownFileType = wrapper.framework;
			name = Carbon.framework;
			path = System/Library/Frameworks/Carbon.framework;
			sourceTree = SDKROOT;
		};
		B41874BFC669062FC91E6941 = {
			isa = PBXFileReference;
			lastKnownFileType = wrapper.framework;
			name = AudioToolbox.framework;
			path = System/Library/Frameworks/AudioToolbox.framework;
			sourceTree = SDKROOT;
		};
		CB197B7DB96ECD7BC38691CC = {
			isa = PBXFileReference;
			explicitFileType = wrapper.cfbundle;
			includeInIndex = 0;
			path = CircularDelay.component;
			sourceTree = "BUILT_PRODUCTS_DIR";
		};
		5D95FBAEE1E038E729916EDB = {
			isa = PBXFileReference;
			explicitFileType = wrapper.application;
			includeInIndex = 0;
			path = CircularDelay.app;
			sourceTree = "BUILT_PRODUCTS_DIR";
		};
		7208B98E1EB979DCA4264022 = {
			isa = PBXFileReference;
			explicitFileType = archive.ar;
			includeInIndex = 0;
			path = libCircularDelay.a;
			sourceTree = "BUILT_PRODUCTS_DIR";
		};
		A4765E8660257F629661608A = {
			isa = PBXFileReference;
			lastKnownFileType = sourcecode.c.h;
			name = JuceHeader.h;
			path = ../../JuceLibraryCode/JuceHeader.h;
			sourceTree = "SOURCE_ROOT";
		};
		B3F025CDAB6AC8EF1D8B1F17 = {
			isa = PBXFileReference;
			lastKnownFileType = file;
			name = "juce_audio_processors";
			path = "/Users/kweiwen/Documents/JUCE/modules/juce_audio_processors";
			sourceTree = "<absolute>";
		};
		B75E7A08C5DD4A8E5030E8C7 = {
			isa = PBXFileReference;
			lastKnownFileType = sourcecode.cpp.objcpp;
			name = "include_juce_audio_plugin_client_AU_1.mm";
			path = "../../JuceLibraryCode/include_juce_audio_plugin_client_AU_1.mm";
			sourceTree = "SOURCE_ROOT";
		};
		BB77742A7978169A94B837FE = {
			isa = PBXFileReference;
			lastKnownFileType = sourcecode.cpp.objcpp;
			name = "include_juce_gui_basics.mm";
			path = "../../JuceLibraryCode/include_juce_gui_basics.mm";
			sourceTree = "SOURCE_ROOT";
		};
		BF3212FF5A5816AA860DB854 = {
			isa = PBXFileReference;
			lastKnownFileType = file;
			name = "juce_core";
			path = "/Users/kweiwen/Documents/JUCE/modules/juce_core";
			sourceTree = "<absolute>";
		};
		C32760641E24F6A2B7F77C91 = {
			isa = PBXFileReference;
			lastKnownFileType = text.plist.xml;
			name = "Info-VST3.plist";
			path = "Info-VST3.plist";
			sourceTree = "SOURCE_ROOT";
		};
		D2DD31B62534404D57A27371 = {
			isa = PBXFileReference;
			lastKnownFileType = wrapper.framework;
			name = CoreMIDI.framework;
			path = System/Library/Frameworks/CoreMIDI.framework;
			sourceTree = SDKROOT;
		};
		D2EA12684B4E3019A4875FBF = {
			isa = PBXFileReference;
			lastKnownFileType = sourcecode.cpp.objcpp;
			name = "include_juce_events.mm";
			path = "../../JuceLibraryCode/include_juce_events.mm";
			sourceTree = "SOURCE_ROOT";
		};
		D6B1BB233B1885FC6CD98C7B = {
			isa = PBXFileReference;
			lastKnownFileType = file;
			name = "juce_audio_formats";
			path = "/Users/kweiwen/Documents/JUCE/modules/juce_audio_formats";
			sourceTree = "<absolute>";
		};
		D761CF08B60FC51BAEEAD3C3 = {
			isa = PBXFileReference;
			lastKnownFileType = text.plist.xml;
			name = "Info-AU.plist";
			path = "Info-AU.plist";
			sourceTree = "SOURCE_ROOT";
		};
		E0A0EEC5EB20F31EEF8BE494 = {
			isa = PBXFileReference;
			lastKnownFileType = wrapper.framework;
			name = IOKit.framework;
			path = System/Library/Frameworks/IOKit.framework;
			sourceTree = SDKROOT;
		};
		E614EC01E6CBF8C11C5AC116 = {
			isa = PBXFileReference;
			lastKnownFileType = file;
			name = "juce_gui_extra";
			path = "/Users/kweiwen/Documents/JUCE/modules/juce_gui_extra";
			sourceTree = "<absolute>";
		};
		EE97C0C91B15DB8FB1242804 = {
			isa = PBXFileReference;
			lastKnownFileType = wrapper.framework;
			name = QuartzCore.framework;
			path = System/Library/Frameworks/QuartzCore.framework;
			sourceTree = SDKROOT;
		};
		F840113DA2C13018558CC445 = {
			isa = PBXFileReference;
			lastKnownFileType = file.nib;
			name = RecentFilesMenuTemplate.nib;
			path = RecentFilesMenuTemplate.nib;
			sourceTree = "SOURCE_ROOT";
		};
		FA59E0837B2BD1E7AEEC11FE = {
			isa = PBXFileReference;
			lastKnownFileType = sourcecode.cpp.objcpp;
			name = "include_juce_core.mm";
			path = "../../JuceLibraryCode/include_juce_core.mm";
			sourceTree = "SOURCE_ROOT";
		};
		FC113E5ECC3543EED7755041 = {
			isa = PBXFileReference;
			lastKnownFileType = file;
			name = "juce_graphics";
			path = "/Users/kweiwen/Documents/JUCE/modules/juce_graphics";
			sourceTree = "<absolute>";
		};
		FDFF9BDBA84B945233CE6ACA = {
			isa = PBXFileReference;
			lastKnownFileType = sourcecode.cpp.objcpp;
			name = "include_juce_graphics.mm";
			path = "../../JuceLibraryCode/include_juce_graphics.mm";
			sourceTree = "SOURCE_ROOT";
		};
		66B7F7A710E1BF4411420DDC = {
			isa = PBXGroup;
			children = (
				673AC193D18AA2619CBC3D7A,
				2CB5DC546743337CE874109C,
				40C6BEFC3A78FFFDC67D9527,
				62702D47839C97168ADB7DDF,
				384BFAC05BEA7DDEB37E1F3A,
				6C1174C15DD658F7FC49E7AC,
			);
			name = Source;
			sourceTree = "<group>";
		};
		070D14C98726384933B67681 = {
			isa = PBXGroup;
			children = (
				66B7F7A710E1BF4411420DDC,
			);
			name = CircularBuffer;
			sourceTree = "<group>";
		};
		0D8C7F7DE15D2B5660C2F837 = {
			isa = PBXGroup;
			children = (
				15E0F17DD5D77A4996B13854,
				04826296DE468DE2AC526F1E,
				D6B1BB233B1885FC6CD98C7B,
				2BE9DCD678A6A92E857E4AFD,
				B3F025CDAB6AC8EF1D8B1F17,
				13812D9160C5FFF8D5F373D9,
				BF3212FF5A5816AA860DB854,
				496DA695965EAFA341B6DF8C,
				1012ADE3C696332B8B97C723,
				FC113E5ECC3543EED7755041,
				2544B69AA66E5DED1B122196,
				E614EC01E6CBF8C11C5AC116,
			);
			name = "JUCE Modules";
			sourceTree = "<group>";
		};
		4B7113EB6D5157331C24E48C = {
			isa = PBXGroup;
			children = (
				18128C6B21C2F946242E5044,
				1D6B0EE523A8C4071FE851B2,
				0C13F3708137889C69EA9DE2,
				1B8D74E1A487E028F21CC6E5,
				B75E7A08C5DD4A8E5030E8C7,
				2E4544494B77F5A1E949E5F5,
				8EC66F04F4FEAE38E2E03431,
				0F40451A65BA6C436AA373DB,
				02D2856CC58DD356A22F365D,
				004824349B0F443FDDF1BA5B,
				508944B605D3C7BF7F17AAA2,
				392E4DDA5D44ED3167116A32,
				FA59E0837B2BD1E7AEEC11FE,
				4BC5C74DAB9DC18EB37F39DC,
				D2EA12684B4E3019A4875FBF,
				FDFF9BDBA84B945233CE6ACA,
				BB77742A7978169A94B837FE,
				63461B8A2FCC4BCCDBB5C7A6,
				A4765E8660257F629661608A,
				18CD764022589812B54BFFAC,
			);
			name = "JUCE Library Code";
			sourceTree = "<group>";
		};
		8474312E81B5AD0640D3A856 = {
			isa = PBXGroup;
			children = (
				C32760641E24F6A2B7F77C91,
				D761CF08B60FC51BAEEAD3C3,
				30E2E80C537870344ABE2520,
				F840113DA2C13018558CC445,
			);
			name = Resources;
			sourceTree = "<group>";
		};
		39B1B61ECD6043E33C746BE6 = {
			isa = PBXGroup;
			children = (
				5BA0963ED40A5FD38E6E1790,
				263C49ACF80BD6680BE07FA0,
				B41874BFC669062FC91E6941,
				9E41DA86015BF7830D1177D2,
				2592E5D4DA27A8FC54A19BCA,
				00F8FD2B646B926BDE8DDC3C,
				2ED8898E4F05FE15B2F90760,
				D2DD31B62534404D57A27371,
				6311A92227CC175897DE5C4C,
				E0A0EEC5EB20F31EEF8BE494,
				EE97C0C91B15DB8FB1242804,
				6570E242761B3EB953B02D90,
			);
			name = Frameworks;
			sourceTree = "<group>";
		};
		58F429E8D26688BA11CD7E6F = {
			isa = PBXGroup;
			children = (
				01AA763774197912C5550335,
				CB197B7DB96ECD7BC38691CC,
				5D95FBAEE1E038E729916EDB,
				7208B98E1EB979DCA4264022,
			);
			name = Products;
			sourceTree = "<group>";
		};
		B9FC8B60E75D9745D2A7A1B5 = {
			isa = PBXGroup;
			children = (
				070D14C98726384933B67681,
				0D8C7F7DE15D2B5660C2F837,
				4B7113EB6D5157331C24E48C,
				8474312E81B5AD0640D3A856,
				39B1B61ECD6043E33C746BE6,
				58F429E8D26688BA11CD7E6F,
			);
			name = Source;
			sourceTree = "<group>";
		};
		C23877DA853B6D98CCCDD494 = {
			isa = PBXTargetDependency;
			target = 4A6961DBB546B86A2C905937;
		};
		E5A24E256D5FE8660E2E8B49 = {
			isa = PBXTargetDependency;
			target = EF6CA311DDB6A48B34D224E6;
		};
		90E72E5511F3D9E356D12B6E = {
			isa = PBXTargetDependency;
			target = 4D771F080A73B669E4D0597B;
		};
		51196D0BC215D577EE9ADA75 = {
			isa = PBXTargetDependency;
			target = F3765E71C97AB187F44C43C3;
		};
		ACBD95BFC0E1DDA5C47660F3 = {
			isa = PBXTargetDependency;
			target = F3765E71C97AB187F44C43C3;
		};
		9FEAD0DD8721B95559165438 = {
			isa = PBXTargetDependency;
			target = F3765E71C97AB187F44C43C3;
		};
		C69348FCC3C5D2129BE042B2 = {
			isa = PBXTargetDependency;
			target = F3765E71C97AB187F44C43C3;
		};
		001AAC8063BEC79B650D4765 = {
			isa = XCBuildConfiguration;
			buildSettings = {
				MACOSX_DEPLOYMENT_TARGET = 10.11;
				SDKROOT = macosx;
			};
			name = Debug;
		};
		B294B696CFAF722B71232C0D = {
			isa = XCBuildConfiguration;
			buildSettings = {
				MACOSX_DEPLOYMENT_TARGET = 10.11;
				SDKROOT = macosx;
			};
			name = Release;
		};
		716BC2A8904D0B256EBD8D25 = {
			isa = XCBuildConfiguration;
			buildSettings = {
				CLANG_CXX_LANGUAGE_STANDARD = "c++14";
				CLANG_CXX_LIBRARY = "libc++";
				CLANG_LINK_OBJC_RUNTIME = NO;
				CODE_SIGN_IDENTITY = "";
				COMBINE_HIDPI_IMAGES = YES;
				CONFIGURATION_BUILD_DIR = "$(PROJECT_DIR)/build/$(CONFIGURATION)";
				COPY_PHASE_STRIP = NO;
				DEPLOYMENT_LOCATION = YES;
				DSTROOT = /;
				GCC_DYNAMIC_NO_PIC = NO;
				GCC_OPTIMIZATION_LEVEL = 0;
				GCC_PREPROCESSOR_DEFINITIONS = (
					"_DEBUG=1",
					"DEBUG=1",
					"JUCER_XCODE_MAC_F6D2F4CF=1",
					"JUCE_APP_VERSION=1.0.0",
					"JUCE_APP_VERSION_HEX=0x10000",
					"JucePlugin_Build_VST=0",
					"JucePlugin_Build_VST3=1",
					"JucePlugin_Build_AU=1",
					"JucePlugin_Build_AUv3=0",
					"JucePlugin_Build_RTAS=0",
					"JucePlugin_Build_AAX=0",
					"JucePlugin_Build_Standalone=1",
					"JucePlugin_Build_Unity=0",
					"JUCE_DISPLAY_SPLASH_SCREEN=1",
					"JUCE_USE_DARK_SPLASH_SCREEN=1",
					"JUCE_PROJUCER_VERSION=0x60004",
					"JUCE_MODULE_AVAILABLE_juce_audio_basics=1",
					"JUCE_MODULE_AVAILABLE_juce_audio_devices=1",
					"JUCE_MODULE_AVAILABLE_juce_audio_formats=1",
					"JUCE_MODULE_AVAILABLE_juce_audio_plugin_client=1",
					"JUCE_MODULE_AVAILABLE_juce_audio_processors=1",
					"JUCE_MODULE_AVAILABLE_juce_audio_utils=1",
					"JUCE_MODULE_AVAILABLE_juce_core=1",
					"JUCE_MODULE_AVAILABLE_juce_data_structures=1",
					"JUCE_MODULE_AVAILABLE_juce_events=1",
					"JUCE_MODULE_AVAILABLE_juce_graphics=1",
					"JUCE_MODULE_AVAILABLE_juce_gui_basics=1",
					"JUCE_MODULE_AVAILABLE_juce_gui_extra=1",
					"JUCE_GLOBAL_MODULE_SETTINGS_INCLUDED=1",
					"JUCE_VST3_CAN_REPLACE_VST2=0",
					"JUCE_STRICT_REFCOUNTEDPOINTER=1",
					"JucePlugin_Enable_IAA=0",
					"JucePlugin_Name=\\\"CircularBuffer\\\"",
					"JucePlugin_Desc=\\\"CircularBuffer\\\"",
					"JucePlugin_Manufacturer=\\\"Sikhaa\\ Electronics\\\"",
					"JucePlugin_ManufacturerWebsite=\\\"\\\"",
					"JucePlugin_ManufacturerEmail=\\\"\\\"",
					"JucePlugin_ManufacturerCode=0x4d616e75",
					"JucePlugin_PluginCode=0x42626c75",
					"JucePlugin_IsSynth=0",
					"JucePlugin_WantsMidiInput=0",
					"JucePlugin_ProducesMidiOutput=0",
					"JucePlugin_IsMidiEffect=0",
					"JucePlugin_EditorRequiresKeyboardFocus=0",
					"JucePlugin_Version=1.0.0",
					"JucePlugin_VersionCode=0x10000",
					"JucePlugin_VersionString=\\\"1.0.0\\\"",
					"JucePlugin_VSTUniqueID=JucePlugin_PluginCode",
					"JucePlugin_VSTCategory=kPlugCategEffect",
					"JucePlugin_Vst3Category=\\\"Fx\\\"",
					"JucePlugin_AUMainType='aufx'",
					"JucePlugin_AUSubType=JucePlugin_PluginCode",
					"JucePlugin_AUExportPrefix=CircularBufferAU",
					"JucePlugin_AUExportPrefixQuoted=\\\"CircularBufferAU\\\"",
					"JucePlugin_AUManufacturerCode=JucePlugin_ManufacturerCode",
					"JucePlugin_CFBundleIdentifier=com.SikhaaElectronics.CircularBuffer",
					"JucePlugin_RTASCategory=16",
					"JucePlugin_RTASManufacturerCode=JucePlugin_ManufacturerCode",
					"JucePlugin_RTASProductId=JucePlugin_PluginCode",
					"JucePlugin_RTASDisableBypass=0",
					"JucePlugin_RTASDisableMultiMono=0",
					"JucePlugin_AAXIdentifier=com.SikhaaElectronics.CircularBuffer",
					"JucePlugin_AAXManufacturerCode=JucePlugin_ManufacturerCode",
					"JucePlugin_AAXProductId=JucePlugin_PluginCode",
					"JucePlugin_AAXCategory=0",
					"JucePlugin_AAXDisableBypass=0",
					"JucePlugin_AAXDisableMultiMono=0",
					"JucePlugin_IAAType=0x61757278",
					"JucePlugin_IAASubType=JucePlugin_PluginCode",
					"JucePlugin_IAAName=\\\"Sikhaa\\ Electronics:\\ CircularBuffer\\\"",
					"JucePlugin_VSTNumMidiInputs=16",
					"JucePlugin_VSTNumMidiOutputs=16",
					"JUCE_STANDALONE_APPLICATION=JucePlugin_Build_Standalone",
				);
				GCC_VERSION = com.apple.compilers.llvm.clang.1_0;
				GENERATE_PKGINFO_FILE = YES;
				HEADER_SEARCH_PATHS = (
					"/Users/kweiwen/Documents/JUCE/modules/juce_audio_processors/format_types/VST3_SDK",
					"../../JuceLibraryCode",
					"/Users/kweiwen/Documents/JUCE/modules",
					"/Users/kweiwen/Documents/JUCE/modules/juce_audio_plugin_client",
					"$(inherited)",
				);
				INFOPLIST_FILE = Info-VST3.plist;
				INFOPLIST_PREPROCESS = NO;
				INSTALL_PATH = "$(HOME)/Library/Audio/Plug-Ins/VST3/";
				LIBRARY_STYLE = Bundle;
				MACOSX_DEPLOYMENT_TARGET = 10.11;
				MTL_HEADER_SEARCH_PATHS = (
					"/Users/kweiwen/Documents/JUCE/modules/juce_audio_processors/format_types/VST3_SDK",
					"../../JuceLibraryCode",
					"/Users/kweiwen/Documents/JUCE/modules",
					"/Users/kweiwen/Documents/JUCE/modules/juce_audio_plugin_client",
				);
				OTHER_LDFLAGS = "-bundle -lCircularDelay";
				PRODUCT_BUNDLE_IDENTIFIER = com.SikhaaElectronics.CircularBuffer;
				PRODUCT_NAME = "CircularDelay";
				USE_HEADERMAP = NO;
				VALID_ARCHS = "i386 x86_64 arm64 arm64e";
				WRAPPER_EXTENSION = vst3;
			};
			name = Debug;
		};
		E2026AE8A2EDA99F5BBD2F83 = {
			isa = XCBuildConfiguration;
			buildSettings = {
				CLANG_CXX_LANGUAGE_STANDARD = "c++14";
				CLANG_CXX_LIBRARY = "libc++";
				CLANG_LINK_OBJC_RUNTIME = NO;
				CODE_SIGN_IDENTITY = "";
				COMBINE_HIDPI_IMAGES = YES;
				CONFIGURATION_BUILD_DIR = "$(PROJECT_DIR)/build/$(CONFIGURATION)";
				DEAD_CODE_STRIPPING = YES;
				DEPLOYMENT_LOCATION = YES;
				DSTROOT = /;
				GCC_GENERATE_DEBUGGING_SYMBOLS = NO;
				GCC_OPTIMIZATION_LEVEL = 3;
				GCC_PREPROCESSOR_DEFINITIONS = (
					"_NDEBUG=1",
					"NDEBUG=1",
					"JUCER_XCODE_MAC_F6D2F4CF=1",
					"JUCE_APP_VERSION=1.0.0",
					"JUCE_APP_VERSION_HEX=0x10000",
					"JucePlugin_Build_VST=0",
					"JucePlugin_Build_VST3=1",
					"JucePlugin_Build_AU=1",
					"JucePlugin_Build_AUv3=0",
					"JucePlugin_Build_RTAS=0",
					"JucePlugin_Build_AAX=0",
					"JucePlugin_Build_Standalone=1",
					"JucePlugin_Build_Unity=0",
					"JUCE_DISPLAY_SPLASH_SCREEN=1",
					"JUCE_USE_DARK_SPLASH_SCREEN=1",
					"JUCE_PROJUCER_VERSION=0x60004",
					"JUCE_MODULE_AVAILABLE_juce_audio_basics=1",
					"JUCE_MODULE_AVAILABLE_juce_audio_devices=1",
					"JUCE_MODULE_AVAILABLE_juce_audio_formats=1",
					"JUCE_MODULE_AVAILABLE_juce_audio_plugin_client=1",
					"JUCE_MODULE_AVAILABLE_juce_audio_processors=1",
					"JUCE_MODULE_AVAILABLE_juce_audio_utils=1",
					"JUCE_MODULE_AVAILABLE_juce_core=1",
					"JUCE_MODULE_AVAILABLE_juce_data_structures=1",
					"JUCE_MODULE_AVAILABLE_juce_events=1",
					"JUCE_MODULE_AVAILABLE_juce_graphics=1",
					"JUCE_MODULE_AVAILABLE_juce_gui_basics=1",
					"JUCE_MODULE_AVAILABLE_juce_gui_extra=1",
					"JUCE_GLOBAL_MODULE_SETTINGS_INCLUDED=1",
					"JUCE_VST3_CAN_REPLACE_VST2=0",
					"JUCE_STRICT_REFCOUNTEDPOINTER=1",
					"JucePlugin_Enable_IAA=0",
					"JucePlugin_Name=\\\"CircularBuffer\\\"",
					"JucePlugin_Desc=\\\"CircularBuffer\\\"",
					"JucePlugin_Manufacturer=\\\"Sikhaa\\ Electronics\\\"",
					"JucePlugin_ManufacturerWebsite=\\\"\\\"",
					"JucePlugin_ManufacturerEmail=\\\"\\\"",
					"JucePlugin_ManufacturerCode=0x4d616e75",
					"JucePlugin_PluginCode=0x42626c75",
					"JucePlugin_IsSynth=0",
					"JucePlugin_WantsMidiInput=0",
					"JucePlugin_ProducesMidiOutput=0",
					"JucePlugin_IsMidiEffect=0",
					"JucePlugin_EditorRequiresKeyboardFocus=0",
					"JucePlugin_Version=1.0.0",
					"JucePlugin_VersionCode=0x10000",
					"JucePlugin_VersionString=\\\"1.0.0\\\"",
					"JucePlugin_VSTUniqueID=JucePlugin_PluginCode",
					"JucePlugin_VSTCategory=kPlugCategEffect",
					"JucePlugin_Vst3Category=\\\"Fx\\\"",
					"JucePlugin_AUMainType='aufx'",
					"JucePlugin_AUSubType=JucePlugin_PluginCode",
					"JucePlugin_AUExportPrefix=CircularBufferAU",
					"JucePlugin_AUExportPrefixQuoted=\\\"CircularBufferAU\\\"",
					"JucePlugin_AUManufacturerCode=JucePlugin_ManufacturerCode",
					"JucePlugin_CFBundleIdentifier=com.SikhaaElectronics.CircularBuffer",
					"JucePlugin_RTASCategory=16",
					"JucePlugin_RTASManufacturerCode=JucePlugin_ManufacturerCode",
					"JucePlugin_RTASProductId=JucePlugin_PluginCode",
					"JucePlugin_RTASDisableBypass=0",
					"JucePlugin_RTASDisableMultiMono=0",
					"JucePlugin_AAXIdentifier=com.SikhaaElectronics.CircularBuffer",
					"JucePlugin_AAXManufacturerCode=JucePlugin_ManufacturerCode",
					"JucePlugin_AAXProductId=JucePlugin_PluginCode",
					"JucePlugin_AAXCategory=0",
					"JucePlugin_AAXDisableBypass=0",
					"JucePlugin_AAXDisableMultiMono=0",
					"JucePlugin_IAAType=0x61757278",
					"JucePlugin_IAASubType=JucePlugin_PluginCode",
					"JucePlugin_IAAName=\\\"Sikhaa\\ Electronics:\\ CircularBuffer\\\"",
					"JucePlugin_VSTNumMidiInputs=16",
					"JucePlugin_VSTNumMidiOutputs=16",
					"JUCE_STANDALONE_APPLICATION=JucePlugin_Build_Standalone",
				);
				GCC_VERSION = com.apple.compilers.llvm.clang.1_0;
				GENERATE_PKGINFO_FILE = YES;
				HEADER_SEARCH_PATHS = (
					"/Users/kweiwen/Documents/JUCE/modules/juce_audio_processors/format_types/VST3_SDK",
					"../../JuceLibraryCode",
					"/Users/kweiwen/Documents/JUCE/modules",
					"/Users/kweiwen/Documents/JUCE/modules/juce_audio_plugin_client",
					"$(inherited)",
				);
				INFOPLIST_FILE = Info-VST3.plist;
				INFOPLIST_PREPROCESS = NO;
				INSTALL_PATH = "$(HOME)/Library/Audio/Plug-Ins/VST3/";
				LIBRARY_STYLE = Bundle;
				LLVM_LTO = YES;
				MACOSX_DEPLOYMENT_TARGET = 10.11;
				MTL_HEADER_SEARCH_PATHS = (
					"/Users/kweiwen/Documents/JUCE/modules/juce_audio_processors/format_types/VST3_SDK",
					"../../JuceLibraryCode",
					"/Users/kweiwen/Documents/JUCE/modules",
					"/Users/kweiwen/Documents/JUCE/modules/juce_audio_plugin_client",
				);
				OTHER_LDFLAGS = "-bundle -lCircularDelay";
				PRODUCT_BUNDLE_IDENTIFIER = com.SikhaaElectronics.CircularBuffer;
				PRODUCT_NAME = "CircularDelay";
				USE_HEADERMAP = NO;
				VALID_ARCHS = "i386 x86_64 arm64 arm64e";
				WRAPPER_EXTENSION = vst3;
			};
			name = Release;
		};
		35AD8724F71F66A46B5FDFE4 = {
			isa = XCBuildConfiguration;
			buildSettings = {
				CLANG_CXX_LANGUAGE_STANDARD = "c++14";
				CLANG_CXX_LIBRARY = "libc++";
				CLANG_LINK_OBJC_RUNTIME = NO;
				CODE_SIGN_IDENTITY = "";
				COMBINE_HIDPI_IMAGES = YES;
				CONFIGURATION_BUILD_DIR = "$(PROJECT_DIR)/build/$(CONFIGURATION)";
				COPY_PHASE_STRIP = NO;
				DEPLOYMENT_LOCATION = YES;
				DSTROOT = /;
				GCC_DYNAMIC_NO_PIC = NO;
				GCC_OPTIMIZATION_LEVEL = 0;
				GCC_PREPROCESSOR_DEFINITIONS = (
					"_DEBUG=1",
					"DEBUG=1",
					"JUCER_XCODE_MAC_F6D2F4CF=1",
					"JUCE_APP_VERSION=1.0.0",
					"JUCE_APP_VERSION_HEX=0x10000",
					"JucePlugin_Build_VST=0",
					"JucePlugin_Build_VST3=1",
					"JucePlugin_Build_AU=1",
					"JucePlugin_Build_AUv3=0",
					"JucePlugin_Build_RTAS=0",
					"JucePlugin_Build_AAX=0",
					"JucePlugin_Build_Standalone=1",
					"JucePlugin_Build_Unity=0",
					"JUCE_DISPLAY_SPLASH_SCREEN=1",
					"JUCE_USE_DARK_SPLASH_SCREEN=1",
					"JUCE_PROJUCER_VERSION=0x60004",
					"JUCE_MODULE_AVAILABLE_juce_audio_basics=1",
					"JUCE_MODULE_AVAILABLE_juce_audio_devices=1",
					"JUCE_MODULE_AVAILABLE_juce_audio_formats=1",
					"JUCE_MODULE_AVAILABLE_juce_audio_plugin_client=1",
					"JUCE_MODULE_AVAILABLE_juce_audio_processors=1",
					"JUCE_MODULE_AVAILABLE_juce_audio_utils=1",
					"JUCE_MODULE_AVAILABLE_juce_core=1",
					"JUCE_MODULE_AVAILABLE_juce_data_structures=1",
					"JUCE_MODULE_AVAILABLE_juce_events=1",
					"JUCE_MODULE_AVAILABLE_juce_graphics=1",
					"JUCE_MODULE_AVAILABLE_juce_gui_basics=1",
					"JUCE_MODULE_AVAILABLE_juce_gui_extra=1",
					"JUCE_GLOBAL_MODULE_SETTINGS_INCLUDED=1",
					"JUCE_VST3_CAN_REPLACE_VST2=0",
					"JUCE_STRICT_REFCOUNTEDPOINTER=1",
					"JucePlugin_Enable_IAA=0",
					"JucePlugin_Name=\\\"CircularBuffer\\\"",
					"JucePlugin_Desc=\\\"CircularBuffer\\\"",
					"JucePlugin_Manufacturer=\\\"Sikhaa\\ Electronics\\\"",
					"JucePlugin_ManufacturerWebsite=\\\"\\\"",
					"JucePlugin_ManufacturerEmail=\\\"\\\"",
					"JucePlugin_ManufacturerCode=0x4d616e75",
					"JucePlugin_PluginCode=0x42626c75",
					"JucePlugin_IsSynth=0",
					"JucePlugin_WantsMidiInput=0",
					"JucePlugin_ProducesMidiOutput=0",
					"JucePlugin_IsMidiEffect=0",
					"JucePlugin_EditorRequiresKeyboardFocus=0",
					"JucePlugin_Version=1.0.0",
					"JucePlugin_VersionCode=0x10000",
					"JucePlugin_VersionString=\\\"1.0.0\\\"",
					"JucePlugin_VSTUniqueID=JucePlugin_PluginCode",
					"JucePlugin_VSTCategory=kPlugCategEffect",
					"JucePlugin_Vst3Category=\\\"Fx\\\"",
					"JucePlugin_AUMainType='aufx'",
					"JucePlugin_AUSubType=JucePlugin_PluginCode",
					"JucePlugin_AUExportPrefix=CircularBufferAU",
					"JucePlugin_AUExportPrefixQuoted=\\\"CircularBufferAU\\\"",
					"JucePlugin_AUManufacturerCode=JucePlugin_ManufacturerCode",
					"JucePlugin_CFBundleIdentifier=com.SikhaaElectronics.CircularBuffer",
					"JucePlugin_RTASCategory=16",
					"JucePlugin_RTASManufacturerCode=JucePlugin_ManufacturerCode",
					"JucePlugin_RTASProductId=JucePlugin_PluginCode",
					"JucePlugin_RTASDisableBypass=0",
					"JucePlugin_RTASDisableMultiMono=0",
					"JucePlugin_AAXIdentifier=com.SikhaaElectronics.CircularBuffer",
					"JucePlugin_AAXManufacturerCode=JucePlugin_ManufacturerCode",
					"JucePlugin_AAXProductId=JucePlugin_PluginCode",
					"JucePlugin_AAXCategory=0",
					"JucePlugin_AAXDisableBypass=0",
					"JucePlugin_AAXDisableMultiMono=0",
					"JucePlugin_IAAType=0x61757278",
					"JucePlugin_IAASubType=JucePlugin_PluginCode",
					"JucePlugin_IAAName=\\\"Sikhaa\\ Electronics:\\ CircularBuffer\\\"",
					"JucePlugin_VSTNumMidiInputs=16",
					"JucePlugin_VSTNumMidiOutputs=16",
					"JUCE_STANDALONE_APPLICATION=JucePlugin_Build_Standalone",
				);
				GCC_VERSION = com.apple.compilers.llvm.clang.1_0;
				GENERATE_PKGINFO_FILE = YES;
				HEADER_SEARCH_PATHS = (
					"/Users/kweiwen/Documents/JUCE/modules/juce_audio_processors/format_types/VST3_SDK",
					"../../JuceLibraryCode",
					"/Users/kweiwen/Documents/JUCE/modules",
					"/Users/kweiwen/Documents/JUCE/modules/juce_audio_plugin_client",
					"$(inherited)",
				);
				INFOPLIST_FILE = Info-AU.plist;
				INFOPLIST_PREPROCESS = NO;
				INSTALL_PATH = "$(HOME)/Library/Audio/Plug-Ins/Components/";
				LIBRARY_STYLE = Bundle;
				MACOSX_DEPLOYMENT_TARGET = 10.11;
				MTL_HEADER_SEARCH_PATHS = (
					"/Users/kweiwen/Documents/JUCE/modules/juce_audio_processors/format_types/VST3_SDK",
					"../../JuceLibraryCode",
					"/Users/kweiwen/Documents/JUCE/modules",
					"/Users/kweiwen/Documents/JUCE/modules/juce_audio_plugin_client",
				);
				OTHER_LDFLAGS = "-bundle -lCircularDelay";
				OTHER_REZFLAGS = "-d ppc_$ppc -d i386_$i386 -d ppc64_$ppc64 -d x86_64_$x86_64 -I /System/Library/Frameworks/CoreServices.framework/Frameworks/CarbonCore.framework/Versions/A/Headers -I \"$(DEVELOPER_DIR)/Extras/CoreAudio/AudioUnits/AUPublic/AUBase\" -I \"$(DEVELOPER_DIR)/Platforms/MacOSX.platform/Developer/SDKs/MacOSX.sdk/System/Library/Frameworks/AudioUnit.framework/Headers\"";
				PRODUCT_BUNDLE_IDENTIFIER = com.SikhaaElectronics.CircularBuffer;
				PRODUCT_NAME = "CircularDelay";
				USE_HEADERMAP = NO;
				VALID_ARCHS = "i386 x86_64 arm64 arm64e";
				WRAPPER_EXTENSION = component;
			};
			name = Debug;
		};
		990A031262888E63B3E24E1D = {
			isa = XCBuildConfiguration;
			buildSettings = {
				CLANG_CXX_LANGUAGE_STANDARD = "c++14";
				CLANG_CXX_LIBRARY = "libc++";
				CLANG_LINK_OBJC_RUNTIME = NO;
				CODE_SIGN_IDENTITY = "";
				COMBINE_HIDPI_IMAGES = YES;
				CONFIGURATION_BUILD_DIR = "$(PROJECT_DIR)/build/$(CONFIGURATION)";
				DEAD_CODE_STRIPPING = YES;
				DEPLOYMENT_LOCATION = YES;
				DSTROOT = /;
				GCC_GENERATE_DEBUGGING_SYMBOLS = NO;
				GCC_OPTIMIZATION_LEVEL = 3;
				GCC_PREPROCESSOR_DEFINITIONS = (
					"_NDEBUG=1",
					"NDEBUG=1",
					"JUCER_XCODE_MAC_F6D2F4CF=1",
					"JUCE_APP_VERSION=1.0.0",
					"JUCE_APP_VERSION_HEX=0x10000",
					"JucePlugin_Build_VST=0",
					"JucePlugin_Build_VST3=1",
					"JucePlugin_Build_AU=1",
					"JucePlugin_Build_AUv3=0",
					"JucePlugin_Build_RTAS=0",
					"JucePlugin_Build_AAX=0",
					"JucePlugin_Build_Standalone=1",
					"JucePlugin_Build_Unity=0",
					"JUCE_DISPLAY_SPLASH_SCREEN=1",
					"JUCE_USE_DARK_SPLASH_SCREEN=1",
					"JUCE_PROJUCER_VERSION=0x60004",
					"JUCE_MODULE_AVAILABLE_juce_audio_basics=1",
					"JUCE_MODULE_AVAILABLE_juce_audio_devices=1",
					"JUCE_MODULE_AVAILABLE_juce_audio_formats=1",
					"JUCE_MODULE_AVAILABLE_juce_audio_plugin_client=1",
					"JUCE_MODULE_AVAILABLE_juce_audio_processors=1",
					"JUCE_MODULE_AVAILABLE_juce_audio_utils=1",
					"JUCE_MODULE_AVAILABLE_juce_core=1",
					"JUCE_MODULE_AVAILABLE_juce_data_structures=1",
					"JUCE_MODULE_AVAILABLE_juce_events=1",
					"JUCE_MODULE_AVAILABLE_juce_graphics=1",
					"JUCE_MODULE_AVAILABLE_juce_gui_basics=1",
					"JUCE_MODULE_AVAILABLE_juce_gui_extra=1",
					"JUCE_GLOBAL_MODULE_SETTINGS_INCLUDED=1",
					"JUCE_VST3_CAN_REPLACE_VST2=0",
					"JUCE_STRICT_REFCOUNTEDPOINTER=1",
					"JucePlugin_Enable_IAA=0",
					"JucePlugin_Name=\\\"CircularBuffer\\\"",
					"JucePlugin_Desc=\\\"CircularBuffer\\\"",
					"JucePlugin_Manufacturer=\\\"Sikhaa\\ Electronics\\\"",
					"JucePlugin_ManufacturerWebsite=\\\"\\\"",
					"JucePlugin_ManufacturerEmail=\\\"\\\"",
					"JucePlugin_ManufacturerCode=0x4d616e75",
					"JucePlugin_PluginCode=0x42626c75",
					"JucePlugin_IsSynth=0",
					"JucePlugin_WantsMidiInput=0",
					"JucePlugin_ProducesMidiOutput=0",
					"JucePlugin_IsMidiEffect=0",
					"JucePlugin_EditorRequiresKeyboardFocus=0",
					"JucePlugin_Version=1.0.0",
					"JucePlugin_VersionCode=0x10000",
					"JucePlugin_VersionString=\\\"1.0.0\\\"",
					"JucePlugin_VSTUniqueID=JucePlugin_PluginCode",
					"JucePlugin_VSTCategory=kPlugCategEffect",
					"JucePlugin_Vst3Category=\\\"Fx\\\"",
					"JucePlugin_AUMainType='aufx'",
					"JucePlugin_AUSubType=JucePlugin_PluginCode",
					"JucePlugin_AUExportPrefix=CircularBufferAU",
					"JucePlugin_AUExportPrefixQuoted=\\\"CircularBufferAU\\\"",
					"JucePlugin_AUManufacturerCode=JucePlugin_ManufacturerCode",
					"JucePlugin_CFBundleIdentifier=com.SikhaaElectronics.CircularBuffer",
					"JucePlugin_RTASCategory=16",
					"JucePlugin_RTASManufacturerCode=JucePlugin_ManufacturerCode",
					"JucePlugin_RTASProductId=JucePlugin_PluginCode",
					"JucePlugin_RTASDisableBypass=0",
					"JucePlugin_RTASDisableMultiMono=0",
					"JucePlugin_AAXIdentifier=com.SikhaaElectronics.CircularBuffer",
					"JucePlugin_AAXManufacturerCode=JucePlugin_ManufacturerCode",
					"JucePlugin_AAXProductId=JucePlugin_PluginCode",
					"JucePlugin_AAXCategory=0",
					"JucePlugin_AAXDisableBypass=0",
					"JucePlugin_AAXDisableMultiMono=0",
					"JucePlugin_IAAType=0x61757278",
					"JucePlugin_IAASubType=JucePlugin_PluginCode",
					"JucePlugin_IAAName=\\\"Sikhaa\\ Electronics:\\ CircularBuffer\\\"",
					"JucePlugin_VSTNumMidiInputs=16",
					"JucePlugin_VSTNumMidiOutputs=16",
					"JUCE_STANDALONE_APPLICATION=JucePlugin_Build_Standalone",
				);
				GCC_VERSION = com.apple.compilers.llvm.clang.1_0;
				GENERATE_PKGINFO_FILE = YES;
				HEADER_SEARCH_PATHS = (
					"/Users/kweiwen/Documents/JUCE/modules/juce_audio_processors/format_types/VST3_SDK",
					"../../JuceLibraryCode",
					"/Users/kweiwen/Documents/JUCE/modules",
					"/Users/kweiwen/Documents/JUCE/modules/juce_audio_plugin_client",
					"$(inherited)",
				);
				INFOPLIST_FILE = Info-AU.plist;
				INFOPLIST_PREPROCESS = NO;
				INSTALL_PATH = "$(HOME)/Library/Audio/Plug-Ins/Components/";
				LIBRARY_STYLE = Bundle;
				LLVM_LTO = YES;
				MACOSX_DEPLOYMENT_TARGET = 10.11;
				MTL_HEADER_SEARCH_PATHS = (
					"/Users/kweiwen/Documents/JUCE/modules/juce_audio_processors/format_types/VST3_SDK",
					"../../JuceLibraryCode",
					"/Users/kweiwen/Documents/JUCE/modules",
					"/Users/kweiwen/Documents/JUCE/modules/juce_audio_plugin_client",
				);
				OTHER_LDFLAGS = "-bundle -lCircularDelay";
				OTHER_REZFLAGS = "-d ppc_$ppc -d i386_$i386 -d ppc64_$ppc64 -d x86_64_$x86_64 -I /System/Library/Frameworks/CoreServices.framework/Frameworks/CarbonCore.framework/Versions/A/Headers -I \"$(DEVELOPER_DIR)/Extras/CoreAudio/AudioUnits/AUPublic/AUBase\" -I \"$(DEVELOPER_DIR)/Platforms/MacOSX.platform/Developer/SDKs/MacOSX.sdk/System/Library/Frameworks/AudioUnit.framework/Headers\"";
				PRODUCT_BUNDLE_IDENTIFIER = com.SikhaaElectronics.CircularBuffer;
				PRODUCT_NAME = "CircularDelay";
				USE_HEADERMAP = NO;
				VALID_ARCHS = "i386 x86_64 arm64 arm64e";
				WRAPPER_EXTENSION = component;
			};
			name = Release;
		};
		BCE1740FDCCB9F5D013DA273 = {
			isa = XCBuildConfiguration;
			buildSettings = {
				CLANG_CXX_LANGUAGE_STANDARD = "c++14";
				CLANG_CXX_LIBRARY = "libc++";
				CLANG_LINK_OBJC_RUNTIME = NO;
				CODE_SIGN_IDENTITY = "";
				COMBINE_HIDPI_IMAGES = YES;
				CONFIGURATION_BUILD_DIR = "$(PROJECT_DIR)/build/$(CONFIGURATION)";
				COPY_PHASE_STRIP = NO;
				GCC_DYNAMIC_NO_PIC = NO;
				GCC_OPTIMIZATION_LEVEL = 0;
				GCC_PREPROCESSOR_DEFINITIONS = (
					"_DEBUG=1",
					"DEBUG=1",
					"JUCER_XCODE_MAC_F6D2F4CF=1",
					"JUCE_APP_VERSION=1.0.0",
					"JUCE_APP_VERSION_HEX=0x10000",
					"JucePlugin_Build_VST=0",
					"JucePlugin_Build_VST3=1",
					"JucePlugin_Build_AU=1",
					"JucePlugin_Build_AUv3=0",
					"JucePlugin_Build_RTAS=0",
					"JucePlugin_Build_AAX=0",
					"JucePlugin_Build_Standalone=1",
					"JucePlugin_Build_Unity=0",
					"JUCE_DISPLAY_SPLASH_SCREEN=1",
					"JUCE_USE_DARK_SPLASH_SCREEN=1",
					"JUCE_PROJUCER_VERSION=0x60004",
					"JUCE_MODULE_AVAILABLE_juce_audio_basics=1",
					"JUCE_MODULE_AVAILABLE_juce_audio_devices=1",
					"JUCE_MODULE_AVAILABLE_juce_audio_formats=1",
					"JUCE_MODULE_AVAILABLE_juce_audio_plugin_client=1",
					"JUCE_MODULE_AVAILABLE_juce_audio_processors=1",
					"JUCE_MODULE_AVAILABLE_juce_audio_utils=1",
					"JUCE_MODULE_AVAILABLE_juce_core=1",
					"JUCE_MODULE_AVAILABLE_juce_data_structures=1",
					"JUCE_MODULE_AVAILABLE_juce_events=1",
					"JUCE_MODULE_AVAILABLE_juce_graphics=1",
					"JUCE_MODULE_AVAILABLE_juce_gui_basics=1",
					"JUCE_MODULE_AVAILABLE_juce_gui_extra=1",
					"JUCE_GLOBAL_MODULE_SETTINGS_INCLUDED=1",
					"JUCE_VST3_CAN_REPLACE_VST2=0",
					"JUCE_STRICT_REFCOUNTEDPOINTER=1",
					"JucePlugin_Enable_IAA=0",
					"JucePlugin_Name=\\\"CircularBuffer\\\"",
					"JucePlugin_Desc=\\\"CircularBuffer\\\"",
					"JucePlugin_Manufacturer=\\\"Sikhaa\\ Electronics\\\"",
					"JucePlugin_ManufacturerWebsite=\\\"\\\"",
					"JucePlugin_ManufacturerEmail=\\\"\\\"",
					"JucePlugin_ManufacturerCode=0x4d616e75",
					"JucePlugin_PluginCode=0x42626c75",
					"JucePlugin_IsSynth=0",
					"JucePlugin_WantsMidiInput=0",
					"JucePlugin_ProducesMidiOutput=0",
					"JucePlugin_IsMidiEffect=0",
					"JucePlugin_EditorRequiresKeyboardFocus=0",
					"JucePlugin_Version=1.0.0",
					"JucePlugin_VersionCode=0x10000",
					"JucePlugin_VersionString=\\\"1.0.0\\\"",
					"JucePlugin_VSTUniqueID=JucePlugin_PluginCode",
					"JucePlugin_VSTCategory=kPlugCategEffect",
					"JucePlugin_Vst3Category=\\\"Fx\\\"",
					"JucePlugin_AUMainType='aufx'",
					"JucePlugin_AUSubType=JucePlugin_PluginCode",
					"JucePlugin_AUExportPrefix=CircularBufferAU",
					"JucePlugin_AUExportPrefixQuoted=\\\"CircularBufferAU\\\"",
					"JucePlugin_AUManufacturerCode=JucePlugin_ManufacturerCode",
					"JucePlugin_CFBundleIdentifier=com.SikhaaElectronics.CircularBuffer",
					"JucePlugin_RTASCategory=16",
					"JucePlugin_RTASManufacturerCode=JucePlugin_ManufacturerCode",
					"JucePlugin_RTASProductId=JucePlugin_PluginCode",
					"JucePlugin_RTASDisableBypass=0",
					"JucePlugin_RTASDisableMultiMono=0",
					"JucePlugin_AAXIdentifier=com.SikhaaElectronics.CircularBuffer",
					"JucePlugin_AAXManufacturerCode=JucePlugin_ManufacturerCode",
					"JucePlugin_AAXProductId=JucePlugin_PluginCode",
					"JucePlugin_AAXCategory=0",
					"JucePlugin_AAXDisableBypass=0",
					"JucePlugin_AAXDisableMultiMono=0",
					"JucePlugin_IAAType=0x61757278",
					"JucePlugin_IAASubType=JucePlugin_PluginCode",
					"JucePlugin_IAAName=\\\"Sikhaa\\ Electronics:\\ CircularBuffer\\\"",
					"JucePlugin_VSTNumMidiInputs=16",
					"JucePlugin_VSTNumMidiOutputs=16",
					"JUCE_STANDALONE_APPLICATION=JucePlugin_Build_Standalone",
				);
				GCC_VERSION = com.apple.compilers.llvm.clang.1_0;
				HEADER_SEARCH_PATHS = (
					"/Users/kweiwen/Documents/JUCE/modules/juce_audio_processors/format_types/VST3_SDK",
					"../../JuceLibraryCode",
					"/Users/kweiwen/Documents/JUCE/modules",
					"/Users/kweiwen/Documents/JUCE/modules/juce_audio_plugin_client",
					"$(inherited)",
				);
				INFOPLIST_FILE = Info-Standalone_Plugin.plist;
				INFOPLIST_PREPROCESS = NO;
				MACOSX_DEPLOYMENT_TARGET = 10.11;
				MTL_HEADER_SEARCH_PATHS = (
					"/Users/kweiwen/Documents/JUCE/modules/juce_audio_processors/format_types/VST3_SDK",
					"../../JuceLibraryCode",
					"/Users/kweiwen/Documents/JUCE/modules",
					"/Users/kweiwen/Documents/JUCE/modules/juce_audio_plugin_client",
				);
				OTHER_LDFLAGS = "-lCircularDelay";
				PRODUCT_BUNDLE_IDENTIFIER = com.SikhaaElectronics.CircularBuffer;
				PRODUCT_NAME = "CircularDelay";
				USE_HEADERMAP = NO;
				VALID_ARCHS = "i386 x86_64 arm64 arm64e";
			};
			name = Debug;
		};
		4460F52ED8A305E65C414ED1 = {
			isa = XCBuildConfiguration;
			buildSettings = {
				CLANG_CXX_LANGUAGE_STANDARD = "c++14";
				CLANG_CXX_LIBRARY = "libc++";
				CLANG_LINK_OBJC_RUNTIME = NO;
				CODE_SIGN_IDENTITY = "";
				COMBINE_HIDPI_IMAGES = YES;
				CONFIGURATION_BUILD_DIR = "$(PROJECT_DIR)/build/$(CONFIGURATION)";
				DEAD_CODE_STRIPPING = YES;
				GCC_GENERATE_DEBUGGING_SYMBOLS = NO;
				GCC_OPTIMIZATION_LEVEL = 3;
				GCC_PREPROCESSOR_DEFINITIONS = (
					"_NDEBUG=1",
					"NDEBUG=1",
					"JUCER_XCODE_MAC_F6D2F4CF=1",
					"JUCE_APP_VERSION=1.0.0",
					"JUCE_APP_VERSION_HEX=0x10000",
					"JucePlugin_Build_VST=0",
					"JucePlugin_Build_VST3=1",
					"JucePlugin_Build_AU=1",
					"JucePlugin_Build_AUv3=0",
					"JucePlugin_Build_RTAS=0",
					"JucePlugin_Build_AAX=0",
					"JucePlugin_Build_Standalone=1",
					"JucePlugin_Build_Unity=0",
					"JUCE_DISPLAY_SPLASH_SCREEN=1",
					"JUCE_USE_DARK_SPLASH_SCREEN=1",
					"JUCE_PROJUCER_VERSION=0x60004",
					"JUCE_MODULE_AVAILABLE_juce_audio_basics=1",
					"JUCE_MODULE_AVAILABLE_juce_audio_devices=1",
					"JUCE_MODULE_AVAILABLE_juce_audio_formats=1",
					"JUCE_MODULE_AVAILABLE_juce_audio_plugin_client=1",
					"JUCE_MODULE_AVAILABLE_juce_audio_processors=1",
					"JUCE_MODULE_AVAILABLE_juce_audio_utils=1",
					"JUCE_MODULE_AVAILABLE_juce_core=1",
					"JUCE_MODULE_AVAILABLE_juce_data_structures=1",
					"JUCE_MODULE_AVAILABLE_juce_events=1",
					"JUCE_MODULE_AVAILABLE_juce_graphics=1",
					"JUCE_MODULE_AVAILABLE_juce_gui_basics=1",
					"JUCE_MODULE_AVAILABLE_juce_gui_extra=1",
					"JUCE_GLOBAL_MODULE_SETTINGS_INCLUDED=1",
					"JUCE_VST3_CAN_REPLACE_VST2=0",
					"JUCE_STRICT_REFCOUNTEDPOINTER=1",
					"JucePlugin_Enable_IAA=0",
					"JucePlugin_Name=\\\"CircularBuffer\\\"",
					"JucePlugin_Desc=\\\"CircularBuffer\\\"",
					"JucePlugin_Manufacturer=\\\"Sikhaa\\ Electronics\\\"",
					"JucePlugin_ManufacturerWebsite=\\\"\\\"",
					"JucePlugin_ManufacturerEmail=\\\"\\\"",
					"JucePlugin_ManufacturerCode=0x4d616e75",
					"JucePlugin_PluginCode=0x42626c75",
					"JucePlugin_IsSynth=0",
					"JucePlugin_WantsMidiInput=0",
					"JucePlugin_ProducesMidiOutput=0",
					"JucePlugin_IsMidiEffect=0",
					"JucePlugin_EditorRequiresKeyboardFocus=0",
					"JucePlugin_Version=1.0.0",
					"JucePlugin_VersionCode=0x10000",
					"JucePlugin_VersionString=\\\"1.0.0\\\"",
					"JucePlugin_VSTUniqueID=JucePlugin_PluginCode",
					"JucePlugin_VSTCategory=kPlugCategEffect",
					"JucePlugin_Vst3Category=\\\"Fx\\\"",
					"JucePlugin_AUMainType='aufx'",
					"JucePlugin_AUSubType=JucePlugin_PluginCode",
					"JucePlugin_AUExportPrefix=CircularBufferAU",
					"JucePlugin_AUExportPrefixQuoted=\\\"CircularBufferAU\\\"",
					"JucePlugin_AUManufacturerCode=JucePlugin_ManufacturerCode",
					"JucePlugin_CFBundleIdentifier=com.SikhaaElectronics.CircularBuffer",
					"JucePlugin_RTASCategory=16",
					"JucePlugin_RTASManufacturerCode=JucePlugin_ManufacturerCode",
					"JucePlugin_RTASProductId=JucePlugin_PluginCode",
					"JucePlugin_RTASDisableBypass=0",
					"JucePlugin_RTASDisableMultiMono=0",
					"JucePlugin_AAXIdentifier=com.SikhaaElectronics.CircularBuffer",
					"JucePlugin_AAXManufacturerCode=JucePlugin_ManufacturerCode",
					"JucePlugin_AAXProductId=JucePlugin_PluginCode",
					"JucePlugin_AAXCategory=0",
					"JucePlugin_AAXDisableBypass=0",
					"JucePlugin_AAXDisableMultiMono=0",
					"JucePlugin_IAAType=0x61757278",
					"JucePlugin_IAASubType=JucePlugin_PluginCode",
					"JucePlugin_IAAName=\\\"Sikhaa\\ Electronics:\\ CircularBuffer\\\"",
					"JucePlugin_VSTNumMidiInputs=16",
					"JucePlugin_VSTNumMidiOutputs=16",
					"JUCE_STANDALONE_APPLICATION=JucePlugin_Build_Standalone",
				);
				GCC_VERSION = com.apple.compilers.llvm.clang.1_0;
				HEADER_SEARCH_PATHS = (
					"/Users/kweiwen/Documents/JUCE/modules/juce_audio_processors/format_types/VST3_SDK",
					"../../JuceLibraryCode",
					"/Users/kweiwen/Documents/JUCE/modules",
					"/Users/kweiwen/Documents/JUCE/modules/juce_audio_plugin_client",
					"$(inherited)",
				);
				INFOPLIST_FILE = Info-Standalone_Plugin.plist;
				INFOPLIST_PREPROCESS = NO;
				LLVM_LTO = YES;
				MACOSX_DEPLOYMENT_TARGET = 10.11;
				MTL_HEADER_SEARCH_PATHS = (
					"/Users/kweiwen/Documents/JUCE/modules/juce_audio_processors/format_types/VST3_SDK",
					"../../JuceLibraryCode",
					"/Users/kweiwen/Documents/JUCE/modules",
					"/Users/kweiwen/Documents/JUCE/modules/juce_audio_plugin_client",
				);
				OTHER_LDFLAGS = "-lCircularDelay";
				PRODUCT_BUNDLE_IDENTIFIER = com.SikhaaElectronics.CircularBuffer;
				PRODUCT_NAME = "CircularDelay";
				USE_HEADERMAP = NO;
				VALID_ARCHS = "i386 x86_64 arm64 arm64e";
			};
			name = Release;
		};
		4ED67EE40078585FD34F2D80 = {
			isa = XCBuildConfiguration;
			buildSettings = {
				CLANG_CXX_LANGUAGE_STANDARD = "c++14";
				CLANG_CXX_LIBRARY = "libc++";
				CLANG_LINK_OBJC_RUNTIME = NO;
				CODE_SIGN_IDENTITY = "";
				COMBINE_HIDPI_IMAGES = YES;
				CONFIGURATION_BUILD_DIR = "$(PROJECT_DIR)/build/$(CONFIGURATION)";
				COPY_PHASE_STRIP = NO;
				GCC_DYNAMIC_NO_PIC = NO;
				GCC_OPTIMIZATION_LEVEL = 0;
				GCC_PREPROCESSOR_DEFINITIONS = (
					"_DEBUG=1",
					"DEBUG=1",
					"JUCER_XCODE_MAC_F6D2F4CF=1",
					"JUCE_APP_VERSION=1.0.0",
					"JUCE_APP_VERSION_HEX=0x10000",
					"JucePlugin_Build_VST=0",
					"JucePlugin_Build_VST3=1",
					"JucePlugin_Build_AU=1",
					"JucePlugin_Build_AUv3=0",
					"JucePlugin_Build_RTAS=0",
					"JucePlugin_Build_AAX=0",
					"JucePlugin_Build_Standalone=1",
					"JucePlugin_Build_Unity=0",
					"JUCE_SHARED_CODE=1",
					"JUCE_DISPLAY_SPLASH_SCREEN=1",
					"JUCE_USE_DARK_SPLASH_SCREEN=1",
					"JUCE_PROJUCER_VERSION=0x60004",
					"JUCE_MODULE_AVAILABLE_juce_audio_basics=1",
					"JUCE_MODULE_AVAILABLE_juce_audio_devices=1",
					"JUCE_MODULE_AVAILABLE_juce_audio_formats=1",
					"JUCE_MODULE_AVAILABLE_juce_audio_plugin_client=1",
					"JUCE_MODULE_AVAILABLE_juce_audio_processors=1",
					"JUCE_MODULE_AVAILABLE_juce_audio_utils=1",
					"JUCE_MODULE_AVAILABLE_juce_core=1",
					"JUCE_MODULE_AVAILABLE_juce_data_structures=1",
					"JUCE_MODULE_AVAILABLE_juce_events=1",
					"JUCE_MODULE_AVAILABLE_juce_graphics=1",
					"JUCE_MODULE_AVAILABLE_juce_gui_basics=1",
					"JUCE_MODULE_AVAILABLE_juce_gui_extra=1",
					"JUCE_GLOBAL_MODULE_SETTINGS_INCLUDED=1",
					"JUCE_VST3_CAN_REPLACE_VST2=0",
					"JUCE_STRICT_REFCOUNTEDPOINTER=1",
					"JucePlugin_Enable_IAA=0",
					"JucePlugin_Name=\\\"CircularBuffer\\\"",
					"JucePlugin_Desc=\\\"CircularBuffer\\\"",
					"JucePlugin_Manufacturer=\\\"Sikhaa\\ Electronics\\\"",
					"JucePlugin_ManufacturerWebsite=\\\"\\\"",
					"JucePlugin_ManufacturerEmail=\\\"\\\"",
					"JucePlugin_ManufacturerCode=0x4d616e75",
					"JucePlugin_PluginCode=0x42626c75",
					"JucePlugin_IsSynth=0",
					"JucePlugin_WantsMidiInput=0",
					"JucePlugin_ProducesMidiOutput=0",
					"JucePlugin_IsMidiEffect=0",
					"JucePlugin_EditorRequiresKeyboardFocus=0",
					"JucePlugin_Version=1.0.0",
					"JucePlugin_VersionCode=0x10000",
					"JucePlugin_VersionString=\\\"1.0.0\\\"",
					"JucePlugin_VSTUniqueID=JucePlugin_PluginCode",
					"JucePlugin_VSTCategory=kPlugCategEffect",
					"JucePlugin_Vst3Category=\\\"Fx\\\"",
					"JucePlugin_AUMainType='aufx'",
					"JucePlugin_AUSubType=JucePlugin_PluginCode",
					"JucePlugin_AUExportPrefix=CircularBufferAU",
					"JucePlugin_AUExportPrefixQuoted=\\\"CircularBufferAU\\\"",
					"JucePlugin_AUManufacturerCode=JucePlugin_ManufacturerCode",
					"JucePlugin_CFBundleIdentifier=com.SikhaaElectronics.CircularBuffer",
					"JucePlugin_RTASCategory=16",
					"JucePlugin_RTASManufacturerCode=JucePlugin_ManufacturerCode",
					"JucePlugin_RTASProductId=JucePlugin_PluginCode",
					"JucePlugin_RTASDisableBypass=0",
					"JucePlugin_RTASDisableMultiMono=0",
					"JucePlugin_AAXIdentifier=com.SikhaaElectronics.CircularBuffer",
					"JucePlugin_AAXManufacturerCode=JucePlugin_ManufacturerCode",
					"JucePlugin_AAXProductId=JucePlugin_PluginCode",
					"JucePlugin_AAXCategory=0",
					"JucePlugin_AAXDisableBypass=0",
					"JucePlugin_AAXDisableMultiMono=0",
					"JucePlugin_IAAType=0x61757278",
					"JucePlugin_IAASubType=JucePlugin_PluginCode",
					"JucePlugin_IAAName=\\\"Sikhaa\\ Electronics:\\ CircularBuffer\\\"",
					"JucePlugin_VSTNumMidiInputs=16",
					"JucePlugin_VSTNumMidiOutputs=16",
					"JUCE_STANDALONE_APPLICATION=JucePlugin_Build_Standalone",
				);
				GCC_VERSION = com.apple.compilers.llvm.clang.1_0;
				HEADER_SEARCH_PATHS = (
					"/Users/kweiwen/Documents/JUCE/modules/juce_audio_processors/format_types/VST3_SDK",
					"../../JuceLibraryCode",
					"/Users/kweiwen/Documents/JUCE/modules",
					"/Users/kweiwen/Documents/JUCE/modules/juce_audio_plugin_client",
					"$(inherited)",
				);
				INSTALL_PATH = "@executable_path/../Frameworks";
				MACOSX_DEPLOYMENT_TARGET = 10.11;
				MTL_HEADER_SEARCH_PATHS = (
					"/Users/kweiwen/Documents/JUCE/modules/juce_audio_processors/format_types/VST3_SDK",
					"../../JuceLibraryCode",
					"/Users/kweiwen/Documents/JUCE/modules",
					"/Users/kweiwen/Documents/JUCE/modules/juce_audio_plugin_client",
				);
				PRODUCT_BUNDLE_IDENTIFIER = com.SikhaaElectronics.CircularBuffer;
				PRODUCT_NAME = "CircularDelay";
				SKIP_INSTALL = YES;
				USE_HEADERMAP = NO;
				VALID_ARCHS = "i386 x86_64 arm64 arm64e";
			};
			name = Debug;
		};
		E7B0CE34396AA326C6C7B312 = {
			isa = XCBuildConfiguration;
			buildSettings = {
				CLANG_CXX_LANGUAGE_STANDARD = "c++14";
				CLANG_CXX_LIBRARY = "libc++";
				CLANG_LINK_OBJC_RUNTIME = NO;
				CODE_SIGN_IDENTITY = "";
				COMBINE_HIDPI_IMAGES = YES;
				CONFIGURATION_BUILD_DIR = "$(PROJECT_DIR)/build/$(CONFIGURATION)";
				DEAD_CODE_STRIPPING = YES;
				GCC_GENERATE_DEBUGGING_SYMBOLS = NO;
				GCC_OPTIMIZATION_LEVEL = 3;
				GCC_PREPROCESSOR_DEFINITIONS = (
					"_NDEBUG=1",
					"NDEBUG=1",
					"JUCER_XCODE_MAC_F6D2F4CF=1",
					"JUCE_APP_VERSION=1.0.0",
					"JUCE_APP_VERSION_HEX=0x10000",
					"JucePlugin_Build_VST=0",
					"JucePlugin_Build_VST3=1",
					"JucePlugin_Build_AU=1",
					"JucePlugin_Build_AUv3=0",
					"JucePlugin_Build_RTAS=0",
					"JucePlugin_Build_AAX=0",
					"JucePlugin_Build_Standalone=1",
					"JucePlugin_Build_Unity=0",
					"JUCE_SHARED_CODE=1",
					"JUCE_DISPLAY_SPLASH_SCREEN=1",
					"JUCE_USE_DARK_SPLASH_SCREEN=1",
					"JUCE_PROJUCER_VERSION=0x60004",
					"JUCE_MODULE_AVAILABLE_juce_audio_basics=1",
					"JUCE_MODULE_AVAILABLE_juce_audio_devices=1",
					"JUCE_MODULE_AVAILABLE_juce_audio_formats=1",
					"JUCE_MODULE_AVAILABLE_juce_audio_plugin_client=1",
					"JUCE_MODULE_AVAILABLE_juce_audio_processors=1",
					"JUCE_MODULE_AVAILABLE_juce_audio_utils=1",
					"JUCE_MODULE_AVAILABLE_juce_core=1",
					"JUCE_MODULE_AVAILABLE_juce_data_structures=1",
					"JUCE_MODULE_AVAILABLE_juce_events=1",
					"JUCE_MODULE_AVAILABLE_juce_graphics=1",
					"JUCE_MODULE_AVAILABLE_juce_gui_basics=1",
					"JUCE_MODULE_AVAILABLE_juce_gui_extra=1",
					"JUCE_GLOBAL_MODULE_SETTINGS_INCLUDED=1",
					"JUCE_VST3_CAN_REPLACE_VST2=0",
					"JUCE_STRICT_REFCOUNTEDPOINTER=1",
					"JucePlugin_Enable_IAA=0",
					"JucePlugin_Name=\\\"CircularBuffer\\\"",
					"JucePlugin_Desc=\\\"CircularBuffer\\\"",
					"JucePlugin_Manufacturer=\\\"Sikhaa\\ Electronics\\\"",
					"JucePlugin_ManufacturerWebsite=\\\"\\\"",
					"JucePlugin_ManufacturerEmail=\\\"\\\"",
					"JucePlugin_ManufacturerCode=0x4d616e75",
					"JucePlugin_PluginCode=0x42626c75",
					"JucePlugin_IsSynth=0",
					"JucePlugin_WantsMidiInput=0",
					"JucePlugin_ProducesMidiOutput=0",
					"JucePlugin_IsMidiEffect=0",
					"JucePlugin_EditorRequiresKeyboardFocus=0",
					"JucePlugin_Version=1.0.0",
					"JucePlugin_VersionCode=0x10000",
					"JucePlugin_VersionString=\\\"1.0.0\\\"",
					"JucePlugin_VSTUniqueID=JucePlugin_PluginCode",
					"JucePlugin_VSTCategory=kPlugCategEffect",
					"JucePlugin_Vst3Category=\\\"Fx\\\"",
					"JucePlugin_AUMainType='aufx'",
					"JucePlugin_AUSubType=JucePlugin_PluginCode",
					"JucePlugin_AUExportPrefix=CircularBufferAU",
					"JucePlugin_AUExportPrefixQuoted=\\\"CircularBufferAU\\\"",
					"JucePlugin_AUManufacturerCode=JucePlugin_ManufacturerCode",
					"JucePlugin_CFBundleIdentifier=com.SikhaaElectronics.CircularBuffer",
					"JucePlugin_RTASCategory=16",
					"JucePlugin_RTASManufacturerCode=JucePlugin_ManufacturerCode",
					"JucePlugin_RTASProductId=JucePlugin_PluginCode",
					"JucePlugin_RTASDisableBypass=0",
					"JucePlugin_RTASDisableMultiMono=0",
					"JucePlugin_AAXIdentifier=com.SikhaaElectronics.CircularBuffer",
					"JucePlugin_AAXManufacturerCode=JucePlugin_ManufacturerCode",
					"JucePlugin_AAXProductId=JucePlugin_PluginCode",
					"JucePlugin_AAXCategory=0",
					"JucePlugin_AAXDisableBypass=0",
					"JucePlugin_AAXDisableMultiMono=0",
					"JucePlugin_IAAType=0x61757278",
					"JucePlugin_IAASubType=JucePlugin_PluginCode",
					"JucePlugin_IAAName=\\\"Sikhaa\\ Electronics:\\ CircularBuffer\\\"",
					"JucePlugin_VSTNumMidiInputs=16",
					"JucePlugin_VSTNumMidiOutputs=16",
					"JUCE_STANDALONE_APPLICATION=JucePlugin_Build_Standalone",
				);
				GCC_VERSION = com.apple.compilers.llvm.clang.1_0;
				HEADER_SEARCH_PATHS = (
					"/Users/kweiwen/Documents/JUCE/modules/juce_audio_processors/format_types/VST3_SDK",
					"../../JuceLibraryCode",
					"/Users/kweiwen/Documents/JUCE/modules",
					"/Users/kweiwen/Documents/JUCE/modules/juce_audio_plugin_client",
					"$(inherited)",
				);
				INSTALL_PATH = "@executable_path/../Frameworks";
				LLVM_LTO = YES;
				MACOSX_DEPLOYMENT_TARGET = 10.11;
				MTL_HEADER_SEARCH_PATHS = (
					"/Users/kweiwen/Documents/JUCE/modules/juce_audio_processors/format_types/VST3_SDK",
					"../../JuceLibraryCode",
					"/Users/kweiwen/Documents/JUCE/modules",
					"/Users/kweiwen/Documents/JUCE/modules/juce_audio_plugin_client",
				);
				PRODUCT_BUNDLE_IDENTIFIER = com.SikhaaElectronics.CircularBuffer;
				PRODUCT_NAME = "CircularDelay";
				SKIP_INSTALL = YES;
				USE_HEADERMAP = NO;
				VALID_ARCHS = "i386 x86_64 arm64 arm64e";
			};
			name = Release;
		};
		4D6643C144C58DEFD6EA809A = {
			isa = XCBuildConfiguration;
			buildSettings = {
				ALWAYS_SEARCH_USER_PATHS = NO;
				CLANG_ENABLE_OBJC_WEAK = YES;
				CLANG_WARN_BLOCK_CAPTURE_AUTORELEASING = YES;
				CLANG_WARN_BOOL_CONVERSION = YES;
				CLANG_WARN_COMMA = YES;
				CLANG_WARN_CONSTANT_CONVERSION = YES;
				CLANG_WARN_DEPRECATED_OBJC_IMPLEMENTATIONS = YES;
				CLANG_WARN_EMPTY_BODY = YES;
				CLANG_WARN_ENUM_CONVERSION = YES;
				CLANG_WARN_INFINITE_RECURSION = YES;
				CLANG_WARN_INT_CONVERSION = YES;
				CLANG_WARN_NON_LITERAL_NULL_CONVERSION = YES;
				CLANG_WARN_OBJC_IMPLICIT_RETAIN_SELF = YES;
				CLANG_WARN_OBJC_LITERAL_CONVERSION = YES;
				CLANG_WARN_RANGE_LOOP_ANALYSIS = YES;
				CLANG_WARN_STRICT_PROTOTYPES = YES;
				CLANG_WARN_SUSPICIOUS_MOVE = YES;
				CLANG_WARN_UNREACHABLE_CODE = YES;
				CLANG_WARN__DUPLICATE_METHOD_MATCH = YES;
				CODE_SIGN_IDENTITY = "";
				DEBUG_INFORMATION_FORMAT = dwarf;
				ENABLE_STRICT_OBJC_MSGSEND = YES;
				ENABLE_TESTABILITY = NO;
				GCC_C_LANGUAGE_STANDARD = c11;
				GCC_INLINES_ARE_PRIVATE_EXTERN = YES;
				GCC_MODEL_TUNING = G5;
				GCC_NO_COMMON_BLOCKS = YES;
				GCC_SYMBOLS_PRIVATE_EXTERN = YES;
				GCC_WARN_64_TO_32_BIT_CONVERSION = YES;
				GCC_WARN_ABOUT_RETURN_TYPE = YES;
				GCC_WARN_CHECK_SWITCH_STATEMENTS = YES;
				GCC_WARN_MISSING_PARENTHESES = YES;
				GCC_WARN_NON_VIRTUAL_DESTRUCTOR = YES;
				GCC_WARN_TYPECHECK_CALLS_TO_PRINTF = YES;
				GCC_WARN_UNDECLARED_SELECTOR = YES;
				GCC_WARN_UNINITIALIZED_AUTOS = YES;
				GCC_WARN_UNUSED_FUNCTION = YES;
				GCC_WARN_UNUSED_VARIABLE = YES;
				ONLY_ACTIVE_ARCH = YES;
				PRODUCT_NAME = "CircularDelay";
				SDKROOT = macosx;
				WARNING_CFLAGS = "-Wreorder";
				ZERO_LINK = NO;
			};
			name = Debug;
		};
		EAD164AB651693E894EB67BD = {
			isa = XCBuildConfiguration;
			buildSettings = {
				ALWAYS_SEARCH_USER_PATHS = NO;
				CLANG_ENABLE_OBJC_WEAK = YES;
				CLANG_WARN_BLOCK_CAPTURE_AUTORELEASING = YES;
				CLANG_WARN_BOOL_CONVERSION = YES;
				CLANG_WARN_COMMA = YES;
				CLANG_WARN_CONSTANT_CONVERSION = YES;
				CLANG_WARN_DEPRECATED_OBJC_IMPLEMENTATIONS = YES;
				CLANG_WARN_EMPTY_BODY = YES;
				CLANG_WARN_ENUM_CONVERSION = YES;
				CLANG_WARN_INFINITE_RECURSION = YES;
				CLANG_WARN_INT_CONVERSION = YES;
				CLANG_WARN_NON_LITERAL_NULL_CONVERSION = YES;
				CLANG_WARN_OBJC_IMPLICIT_RETAIN_SELF = YES;
				CLANG_WARN_OBJC_LITERAL_CONVERSION = YES;
				CLANG_WARN_RANGE_LOOP_ANALYSIS = YES;
				CLANG_WARN_STRICT_PROTOTYPES = YES;
				CLANG_WARN_SUSPICIOUS_MOVE = YES;
				CLANG_WARN_UNREACHABLE_CODE = YES;
				CLANG_WARN__DUPLICATE_METHOD_MATCH = YES;
				CODE_SIGN_IDENTITY = "";
				DEBUG_INFORMATION_FORMAT = dwarf;
				ENABLE_STRICT_OBJC_MSGSEND = YES;
				ENABLE_TESTABILITY = NO;
				GCC_C_LANGUAGE_STANDARD = c11;
				GCC_INLINES_ARE_PRIVATE_EXTERN = YES;
				GCC_MODEL_TUNING = G5;
				GCC_NO_COMMON_BLOCKS = YES;
				GCC_SYMBOLS_PRIVATE_EXTERN = YES;
				GCC_WARN_64_TO_32_BIT_CONVERSION = YES;
				GCC_WARN_ABOUT_RETURN_TYPE = YES;
				GCC_WARN_CHECK_SWITCH_STATEMENTS = YES;
				GCC_WARN_MISSING_PARENTHESES = YES;
				GCC_WARN_NON_VIRTUAL_DESTRUCTOR = YES;
				GCC_WARN_TYPECHECK_CALLS_TO_PRINTF = YES;
				GCC_WARN_UNDECLARED_SELECTOR = YES;
				GCC_WARN_UNINITIALIZED_AUTOS = YES;
				GCC_WARN_UNUSED_FUNCTION = YES;
				GCC_WARN_UNUSED_VARIABLE = YES;
				PRODUCT_NAME = "CircularDelay";
				SDKROOT = macosx;
				WARNING_CFLAGS = "-Wreorder";
				ZERO_LINK = NO;
			};
			name = Release;
		};
		4AB1C72C6116090AD66A82A4 = {
			isa = XCConfigurationList;
			buildConfigurations = (
				4D6643C144C58DEFD6EA809A,
				EAD164AB651693E894EB67BD,
			);
			defaultConfigurationIsVisible = 0;
			defaultConfigurationName = Debug;
		};
		8C58BC18B8A89EE23D554624 = {
			isa = XCConfigurationList;
			buildConfigurations = (
				001AAC8063BEC79B650D4765,
				B294B696CFAF722B71232C0D,
			);
			defaultConfigurationIsVisible = 0;
			defaultConfigurationName = Debug;
		};
		C2EE19B2D77C61ABB528D18E = {
			isa = PBXAggregateTarget;
			buildConfigurationList = 8C58BC18B8A89EE23D554624;
			buildPhases = ( );
			buildRules = ( );
			dependencies = (
				C23877DA853B6D98CCCDD494,
				E5A24E256D5FE8660E2E8B49,
				90E72E5511F3D9E356D12B6E,
				51196D0BC215D577EE9ADA75,
			);
			name = "CircularBuffer - All";
			productName = CircularBuffer;
		};
		35BFE7A6057003F0C85ABD38 = {
			isa = XCConfigurationList;
			buildConfigurations = (
				716BC2A8904D0B256EBD8D25,
				E2026AE8A2EDA99F5BBD2F83,
			);
			defaultConfigurationIsVisible = 0;
			defaultConfigurationName = Debug;
		};
		2FA6A0B6A120D46A2DB63684 = {
			isa = PBXResourcesBuildPhase;
			buildActionMask = 2147483647;
			files = (
				54DD1BF39744ABD936442AB1,
			);
			runOnlyForDeploymentPostprocessing = 0;
		};
		2489504427E5094911B0923E = {
			isa = PBXSourcesBuildPhase;
			buildActionMask = 2147483647;
			files = (
				8A115ECD6CB33ACC63B7D880,
			);
			runOnlyForDeploymentPostprocessing = 0;
		};
		AD337C98E683A171D79CF607 = {
			isa = PBXFrameworksBuildPhase;
			buildActionMask = 2147483647;
			files = (
				C55E51896B99A511966CCD8C,
				5636BADB4AE2964523675F5D,
				6D327B6F525F545997EB7F73,
				51BA2499C6463CB850E7D558,
				51E196923D489EDAF70A3D9D,
				9405B489F4BEEF3B42E6AD19,
				8F86D5997B5DEF85960DC015,
				E8F3CA9D04897D85BBEED58B,
				BFFC44ECA7BDA54A1CA8A83A,
				60A02BBF5D53BAAF502073D3,
				949AB054B3C8B2303DD4266C,
			);
			runOnlyForDeploymentPostprocessing = 0;
		};
		4A6961DBB546B86A2C905937 = {
			isa = PBXNativeTarget;
			buildConfigurationList = 35BFE7A6057003F0C85ABD38;
			buildPhases = (
				2FA6A0B6A120D46A2DB63684,
				2489504427E5094911B0923E,
				AD337C98E683A171D79CF607,
			);
			buildRules = ( );
			dependencies = (
				ACBD95BFC0E1DDA5C47660F3,
			);
			name = "CircularBuffer - VST3";
			productName = CircularBuffer;
			productReference = 01AA763774197912C5550335;
			productType = "com.apple.product-type.bundle";
		};
		07EBE313B3AA811FEE7ED78A = {
			isa = XCConfigurationList;
			buildConfigurations = (
				35AD8724F71F66A46B5FDFE4,
				990A031262888E63B3E24E1D,
			);
			defaultConfigurationIsVisible = 0;
			defaultConfigurationName = Debug;
		};
		F67F60D0D33F99F0600D86B0 = {
			isa = PBXResourcesBuildPhase;
			buildActionMask = 2147483647;
			files = (
				54DD1BF39744ABD936442AB1,
			);
			runOnlyForDeploymentPostprocessing = 0;
		};
		BEB99FE6D2FBB244F71595FC = {
			isa = PBXRezBuildPhase;
			buildActionMask = 2147483647;
			files = (
				EB48E1EEF0E8AD88DA1F004C,
			);
			runOnlyForDeploymentPostprocessing = 0;
		};
		50774C5409278C0EE0E72651 = {
			isa = PBXSourcesBuildPhase;
			buildActionMask = 2147483647;
			files = (
				C7B5C9C85E076177D8053659,
				D7A001AD5557C0B5092C598E,
			);
			runOnlyForDeploymentPostprocessing = 0;
		};
		CF050E9E20FA402C102B346F = {
			isa = PBXFrameworksBuildPhase;
			buildActionMask = 2147483647;
			files = (
				E6C060BFA436DA7B2837ACBB,
				C55E51896B99A511966CCD8C,
				5636BADB4AE2964523675F5D,
				6D327B6F525F545997EB7F73,
				51BA2499C6463CB850E7D558,
				51E196923D489EDAF70A3D9D,
				9405B489F4BEEF3B42E6AD19,
				8F86D5997B5DEF85960DC015,
				E8F3CA9D04897D85BBEED58B,
				BFFC44ECA7BDA54A1CA8A83A,
				60A02BBF5D53BAAF502073D3,
				949AB054B3C8B2303DD4266C,
			);
			runOnlyForDeploymentPostprocessing = 0;
		};
		EF6CA311DDB6A48B34D224E6 = {
			isa = PBXNativeTarget;
			buildConfigurationList = 07EBE313B3AA811FEE7ED78A;
			buildPhases = (
				F67F60D0D33F99F0600D86B0,
				BEB99FE6D2FBB244F71595FC,
				50774C5409278C0EE0E72651,
				CF050E9E20FA402C102B346F,
			);
			buildRules = ( );
			dependencies = (
				9FEAD0DD8721B95559165438,
			);
			name = "CircularBuffer - AU";
			productName = CircularBuffer;
			productReference = CB197B7DB96ECD7BC38691CC;
			productType = "com.apple.product-type.bundle";
		};
		50E83C23183EE4CB3409301B = {
			isa = XCConfigurationList;
			buildConfigurations = (
				BCE1740FDCCB9F5D013DA273,
				4460F52ED8A305E65C414ED1,
			);
			defaultConfigurationIsVisible = 0;
			defaultConfigurationName = Debug;
		};
		ED9E525F63039A2D2BFB938C = {
			isa = PBXResourcesBuildPhase;
			buildActionMask = 2147483647;
			files = (
				54DD1BF39744ABD936442AB1,
			);
			runOnlyForDeploymentPostprocessing = 0;
		};
		34C1BCCC4E7C73B91E31D507 = {
			isa = PBXSourcesBuildPhase;
			buildActionMask = 2147483647;
			files = (
				2E6851570CA7D7CA9B031D87,
			);
			runOnlyForDeploymentPostprocessing = 0;
		};
		76AA90A54C8AFE031643F760 = {
			isa = PBXFrameworksBuildPhase;
			buildActionMask = 2147483647;
			files = (
				C55E51896B99A511966CCD8C,
				5636BADB4AE2964523675F5D,
				6D327B6F525F545997EB7F73,
				51BA2499C6463CB850E7D558,
				51E196923D489EDAF70A3D9D,
				9405B489F4BEEF3B42E6AD19,
				8F86D5997B5DEF85960DC015,
				E8F3CA9D04897D85BBEED58B,
				BFFC44ECA7BDA54A1CA8A83A,
				60A02BBF5D53BAAF502073D3,
				949AB054B3C8B2303DD4266C,
			);
			runOnlyForDeploymentPostprocessing = 0;
		};
		4D771F080A73B669E4D0597B = {
			isa = PBXNativeTarget;
			buildConfigurationList = 50E83C23183EE4CB3409301B;
			buildPhases = (
				ED9E525F63039A2D2BFB938C,
				34C1BCCC4E7C73B91E31D507,
				76AA90A54C8AFE031643F760,
			);
			buildRules = ( );
			dependencies = (
				C69348FCC3C5D2129BE042B2,
			);
			name = "CircularBuffer - Standalone Plugin";
			productName = CircularBuffer;
			productReference = 5D95FBAEE1E038E729916EDB;
			productType = "com.apple.product-type.application";
		};
		FC42FD7B65DA4E8173B66ACB = {
			isa = XCConfigurationList;
			buildConfigurations = (
				4ED67EE40078585FD34F2D80,
				E7B0CE34396AA326C6C7B312,
			);
			defaultConfigurationIsVisible = 0;
			defaultConfigurationName = Debug;
		};
		A5E168B0EBCFED655FB1FED6 = {
			isa = PBXSourcesBuildPhase;
			buildActionMask = 2147483647;
			files = (
				7CF61290AEA2BD9984C4A757,
				56303FD463B05B0332E144EF,
				8CAC19F78B68B99ECC0752E3,
				DB4C55F57D1BDC314D9AFD11,
				C8297369E4E081BF551936E8,
				6507A0B5FA27F61B065CACB6,
				DC1C77D0CD513A447E32AA79,
				51984BA9AED866C5E35C3B47,
				05F6AF5974A91E1BA08F2444,
				8B688C21316778F6B5CF61CA,
				07FAE99CD5E600C48BFD99FE,
				78711926757E3F363C4ACBBE,
				2A7B75ECF5CB030BCBAD20B2,
				88C0F1183B033CFD28496C5B,
				C5ECF52802210927E06E2348,
			);
			runOnlyForDeploymentPostprocessing = 0;
		};
		F3765E71C97AB187F44C43C3 = {
			isa = PBXNativeTarget;
			buildConfigurationList = FC42FD7B65DA4E8173B66ACB;
			buildPhases = (
				A5E168B0EBCFED655FB1FED6,
			);
			buildRules = ( );
			dependencies = ( );
			name = "CircularBuffer - Shared Code";
			productName = CircularBuffer;
			productReference = 7208B98E1EB979DCA4264022;
			productType = "com.apple.product-type.library.static";
		};
		56B1D3287FCB805095AF48B6 = {
			isa = PBXProject;
			buildConfigurationList = 4AB1C72C6116090AD66A82A4;
			attributes = { LastUpgradeCheck = 1200; ORGANIZATIONNAME = "Sikhaa Electronics"; TargetAttributes = { C2EE19B2D77C61ABB528D18E = { SystemCapabilities = {com.apple.ApplicationGroups.iOS = { enabled = 0; }; com.apple.InAppPurchase = { enabled = 0; }; com.apple.InterAppAudio = { enabled = 0; }; com.apple.Push = { enabled = 0; }; com.apple.Sandbox = { enabled = 0; }; com.apple.HardenedRuntime = { enabled = 0; }; }; };4A6961DBB546B86A2C905937 = { SystemCapabilities = {com.apple.ApplicationGroups.iOS = { enabled = 0; }; com.apple.InAppPurchase = { enabled = 0; }; com.apple.InterAppAudio = { enabled = 0; }; com.apple.Push = { enabled = 0; }; com.apple.Sandbox = { enabled = 0; }; com.apple.HardenedRuntime = { enabled = 0; }; }; };EF6CA311DDB6A48B34D224E6 = { SystemCapabilities = {com.apple.ApplicationGroups.iOS = { enabled = 0; }; com.apple.InAppPurchase = { enabled = 0; }; com.apple.InterAppAudio = { enabled = 0; }; com.apple.Push = { enabled = 0; }; com.apple.Sandbox = { enabled = 0; }; com.apple.HardenedRuntime = { enabled = 0; }; }; };4D771F080A73B669E4D0597B = { SystemCapabilities = {com.apple.ApplicationGroups.iOS = { enabled = 0; }; com.apple.InAppPurchase = { enabled = 0; }; com.apple.InterAppAudio = { enabled = 0; }; com.apple.Push = { enabled = 0; }; com.apple.Sandbox = { enabled = 0; }; com.apple.HardenedRuntime = { enabled = 0; }; }; };F3765E71C97AB187F44C43C3 = { SystemCapabilities = {com.apple.ApplicationGroups.iOS = { enabled = 0; }; com.apple.InAppPurchase = { enabled = 0; }; com.apple.InterAppAudio = { enabled = 0; }; com.apple.Push = { enabled = 0; }; com.apple.Sandbox = { enabled = 0; }; com.apple.HardenedRuntime = { enabled = 0; }; }; }; }; };
			compatibilityVersion = "Xcode 3.2";
			hasScannedForEncodings = 0;
			mainGroup = B9FC8B60E75D9745D2A7A1B5;
			projectDirPath = "";
			projectRoot = "";
			targets = (C2EE19B2D77C61ABB528D18E, 4A6961DBB546B86A2C905937, EF6CA311DDB6A48B34D224E6, 4D771F080A73B669E4D0597B, F3765E71C97AB187F44C43C3);
			knownRegions = (en, Base);
		};
	};
	rootObject = 56B1D3287FCB805095AF48B6;
}
